
Microsoft Visual Studio Solution File, Format Version 12.00
# Visual Studio 15
VisualStudioVersion = 15.0.26124.0
MinimumVisualStudioVersion = 15.0.26124.0
Project("{FAE04EC0-301F-11D3-BF4B-00C04F79EFBC}") = "NCoreUtils.Extensions.Nullable", "NCoreUtils.Extensions.Nullable\NCoreUtils.Extensions.Nullable.csproj", "{6F013E00-D13C-48E5-A2A4-36122FB20D66}"
EndProject
Project("{FAE04EC0-301F-11D3-BF4B-00C04F79EFBC}") = "NCoreUtils.Extensions.Collections", "NCoreUtils.Extensions.Collections\NCoreUtils.Extensions.Collections.csproj", "{0FDC6833-0FD5-4500-B4D5-6B363F77853C}"
EndProject
Project("{FAE04EC0-301F-11D3-BF4B-00C04F79EFBC}") = "NCoreUtils.Extensions.Unit", "NCoreUtils.Extensions.Unit\NCoreUtils.Extensions.Unit.csproj", "{DC68E6AA-5B08-40C9-9BB5-AF341073ED16}"
EndProject
Project("{FAE04EC0-301F-11D3-BF4B-00C04F79EFBC}") = "NCoreUtils.Extensions.Collections.Abstractions", "NCoreUtils.Extensions.Collections.Abstractions\NCoreUtils.Extensions.Collections.Abstractions.csproj", "{2D6CC71B-8AE5-48D1-B357-6D26F093563D}"
EndProject
Project("{FAE04EC0-301F-11D3-BF4B-00C04F79EFBC}") = "NCoreUtils.Extensions.Expressions", "NCoreUtils.Extensions.Expressions\NCoreUtils.Extensions.Expressions.csproj", "{502ADD6A-257E-441A-B1DF-33183D284257}"
EndProject
Project("{FAE04EC0-301F-11D3-BF4B-00C04F79EFBC}") = "NCoreUtils.Extensions.Memory", "NCoreUtils.Extensions.Memory\NCoreUtils.Extensions.Memory.csproj", "{BF626E72-6FA8-4BA0-A249-FB5D7F8A2BB9}"
EndProject
Project("{FAE04EC0-301F-11D3-BF4B-00C04F79EFBC}") = "NCoreUtils.Extensions.AsyncEnumerable", "NCoreUtils.Extensions.AsyncEnumerable\NCoreUtils.Extensions.AsyncEnumerable.csproj", "{BBBDFBC9-81B2-478A-ABE7-5A98D09BA8FD}"
EndProject
Project("{FAE04EC0-301F-11D3-BF4B-00C04F79EFBC}") = "NCoreUtils.Extensions.Google.Cloud.Storage", "NCoreUtils.Extensions.Google.Cloud.Storage\NCoreUtils.Extensions.Google.Cloud.Storage.csproj", "{99750CC0-105E-46D3-B03D-D5C1537608D1}"
EndProject
Project("{FAE04EC0-301F-11D3-BF4B-00C04F79EFBC}") = "NCoreUtils.Extensions.Globalization", "NCoreUtils.Extensions.Globalization\NCoreUtils.Extensions.Globalization.csproj", "{1AF27EF6-EC31-4B34-99C4-8C6838EBFFCC}"
EndProject
Project("{FAE04EC0-301F-11D3-BF4B-00C04F79EFBC}") = "NCoreUtils.Extensions.IO", "NCoreUtils.Extensions.IO\NCoreUtils.Extensions.IO.csproj", "{05EDCAB9-BB76-4D77-805B-F457A671E23E}"
EndProject
Project("{FAE04EC0-301F-11D3-BF4B-00C04F79EFBC}") = "NCoreUtils.Extensions.Intergration", "NCoreUtils.Extensions.Intergration\NCoreUtils.Extensions.Intergration.csproj", "{309A45A5-A7BF-431E-AD19-C376D8331368}"
EndProject
Project("{FAE04EC0-301F-11D3-BF4B-00C04F79EFBC}") = "NCoreUtils.Extensions.TrimCheck", "NCoreUtils.Extensions.TrimCheck\NCoreUtils.Extensions.TrimCheck.csproj", "{37384AE3-7504-43EA-9D10-5AFD97C915EA}"
EndProject
Project("{FAE04EC0-301F-11D3-BF4B-00C04F79EFBC}") = "NCoreUtils.Extensions.String", "NCoreUtils.Extensions.String\NCoreUtils.Extensions.String.csproj", "{B54CCCB2-B2BE-4719-A5FA-30D70D45E067}"
EndProject
Project("{FAE04EC0-301F-11D3-BF4B-00C04F79EFBC}") = "NCoreUtils.Extensions.Memory.Pooling", "NCoreUtils.Extensions.Memory.Pooling\NCoreUtils.Extensions.Memory.Pooling.csproj", "{D1629535-30A4-4086-8F56-A4181D4A25A3}"
EndProject
Project("{FAE04EC0-301F-11D3-BF4B-00C04F79EFBC}") = "NCoreUtils.Extensions.Google.Cloud.Storage.Core", "NCoreUtils.Extensions.Google.Cloud.Storage.Core\NCoreUtils.Extensions.Google.Cloud.Storage.Core.csproj", "{30A734F4-59DD-4113-920D-816FC989E9CC}"
EndProject
Project("{FAE04EC0-301F-11D3-BF4B-00C04F79EFBC}") = "NCoreUtils.Extensions.Memory.Uri", "NCoreUtils.Extensions.Memory.Uri\NCoreUtils.Extensions.Memory.Uri.csproj", "{7FC0C9A5-91A0-43C7-8995-15BE737C00D7}"
EndProject
Project("{FAE04EC0-301F-11D3-BF4B-00C04F79EFBC}") = "NCoreUtils.Extensions.AotCheck", "NCoreUtils.Extensions.AotCheck\NCoreUtils.Extensions.AotCheck.csproj", "{20CF497C-43E4-4E58-9F78-1255530E0313}"
EndProject
Project("{FAE04EC0-301F-11D3-BF4B-00C04F79EFBC}") = "NCoreUtils.Extensions.BinaryStrings", "NCoreUtils.Extensions.BinaryStrings\NCoreUtils.Extensions.BinaryStrings.csproj", "{A961C850-3046-48D2-BF27-822C18E4C0F9}"
EndProject
Project("{FAE04EC0-301F-11D3-BF4B-00C04F79EFBC}") = "NCoreUtils.Extensions.BinaryStrings.GenTest", "NCoreUtils.Extensions.BinaryStrings.GenTest\NCoreUtils.Extensions.BinaryStrings.GenTest.csproj", "{C1752F8B-104A-4520-8091-842A918B8F19}"
EndProject
Project("{FAE04EC0-301F-11D3-BF4B-00C04F79EFBC}") = "NCoreUtils.Extensions.ObservableProperties", "NCoreUtils.Extensions.ObservableProperties\NCoreUtils.Extensions.ObservableProperties.csproj", "{99B05E2B-5D07-4CDB-9FAB-BC9B1A55C2D2}"
EndProject
Project("{FAE04EC0-301F-11D3-BF4B-00C04F79EFBC}") = "NCoreUtils.Extensions.ObservableProperties.Generator", "NCoreUtils.Extensions.ObservableProperties.Generator\NCoreUtils.Extensions.ObservableProperties.Generator.csproj", "{A79E8F35-D493-4525-A11A-3935470D0EAF}"
EndProject
Project("{FAE04EC0-301F-11D3-BF4B-00C04F79EFBC}") = "NCoreUtils.Extensions.AsyncReduceStream", "NCoreUtils.Extensions.AsyncReduceStream\NCoreUtils.Extensions.AsyncReduceStream.csproj", "{11105AAC-8A8A-4FCC-A77C-53AC273532AD}"
EndProject
Project("{FAE04EC0-301F-11D3-BF4B-00C04F79EFBC}") = "NCoreUtils.Extensions.Primitives", "NCoreUtils.Extensions.Primitives\NCoreUtils.Extensions.Primitives.csproj", "{4A1D0EFB-46F3-4CCE-A166-A8446B45DD7E}"
EndProject
Project("{FAE04EC0-301F-11D3-BF4B-00C04F79EFBC}") = "NCoreUtils.Extensions.Google.Cloud.Storage.ServiceAccount", "NCoreUtils.Extensions.Google.Cloud.Storage.ServiceAccount\NCoreUtils.Extensions.Google.Cloud.Storage.ServiceAccount.csproj", "{33BAA6B3-F2B7-4540-A72B-77EC5AF87A08}"
EndProject
Project("{FAE04EC0-301F-11D3-BF4B-00C04F79EFBC}") = "NCoreUtils.Extensions.Json", "NCoreUtils.Extensions.Json\NCoreUtils.Extensions.Json.csproj", "{2BB3772A-8EDF-46C4-97FF-A11DA6DD179E}"
EndProject
Project("{FAE04EC0-301F-11D3-BF4B-00C04F79EFBC}") = "NCoreUtils.Extensions.Claims", "NCoreUtils.Extensions.Claims\NCoreUtils.Extensions.Claims.csproj", "{F8E7AA24-3CBD-4771-915E-0889C03CE34D}"
EndProject
Project("{FAE04EC0-301F-11D3-BF4B-00C04F79EFBC}") = "NCoreUtils.Extensions.Google.Cloud.Abstractions", "NCoreUtils.Extensions.Google.Cloud.Abstractions\NCoreUtils.Extensions.Google.Cloud.Abstractions.csproj", "{52107170-6C7B-4563-A05C-41FF9428A5BC}"
EndProject
Project("{FAE04EC0-301F-11D3-BF4B-00C04F79EFBC}") = "NCoreUtils.Extensions.Google.Cloud.ServiceAccount", "NCoreUtils.Extensions.Google.Cloud.ServiceAccount\NCoreUtils.Extensions.Google.Cloud.ServiceAccount.csproj", "{B6E56D05-D25B-46B3-B410-FE4B2947AA1E}"
EndProject
Project("{FAE04EC0-301F-11D3-BF4B-00C04F79EFBC}") = "NCoreUtils.Extensions.Google.Cloud.PubSub.Abstractions", "NCoreUtils.Extensions.Google.Cloud.PubSub.Abstractions\NCoreUtils.Extensions.Google.Cloud.PubSub.Abstractions.csproj", "{A764CA94-4A3C-450B-B9BE-64DC10C9E6BC}"
EndProject
Project("{FAE04EC0-301F-11D3-BF4B-00C04F79EFBC}") = "NCoreUtils.Extensions.Google.Cloud.PubSub.Core", "NCoreUtils.Extensions.Google.Cloud.PubSub.Core\NCoreUtils.Extensions.Google.Cloud.PubSub.Core.csproj", "{788799F2-D132-4D6F-A62E-13C7F20627F5}"
EndProject
Project("{FAE04EC0-301F-11D3-BF4B-00C04F79EFBC}") = "NCoreUtils.Extensions.Google.Cloud.PubSub.ServiceAccount", "NCoreUtils.Extensions.Google.Cloud.PubSub.ServiceAccount\NCoreUtils.Extensions.Google.Cloud.PubSub.ServiceAccount.csproj", "{C51BCFD3-AFA6-4274-80F1-F050374BD3C3}"
EndProject
Project("{FAE04EC0-301F-11D3-BF4B-00C04F79EFBC}") = "NCoreUtils.Extensions.Google.Cloud.StorageAdmin.Abstractions", "NCoreUtils.Extensions.Google.Cloud.StorageAdmin.Abstractions\NCoreUtils.Extensions.Google.Cloud.StorageAdmin.Abstractions.csproj", "{02633837-DE88-4B3B-8632-AAB77581BA87}"
EndProject
Project("{FAE04EC0-301F-11D3-BF4B-00C04F79EFBC}") = "NCoreUtils.Extensions.Google.Cloud.StorageAdmin.Core", "NCoreUtils.Extensions.Google.Cloud.StorageAdmin.Core\NCoreUtils.Extensions.Google.Cloud.StorageAdmin.Core.csproj", "{0E8B1216-5AD0-4B0B-8854-21FA9FA2E52E}"
EndProject
Project("{FAE04EC0-301F-11D3-BF4B-00C04F79EFBC}") = "NCoreUtils.Extensions.Google.Cloud.StorageAdmin.ServiceAccount", "NCoreUtils.Extensions.Google.Cloud.StorageAdmin.ServiceAccount\NCoreUtils.Extensions.Google.Cloud.StorageAdmin.ServiceAccount.csproj", "{3CAE7E2B-C2E5-458A-A2B8-663B6C2CC1B1}"
EndProject
Project("{FAE04EC0-301F-11D3-BF4B-00C04F79EFBC}") = "NCoreUtils.Extensions.Google.Cloud.CertificateManager.Abstractions", "NCoreUtils.Extensions.Google.Cloud.CertificateManager.Abstractions\NCoreUtils.Extensions.Google.Cloud.CertificateManager.Abstractions.csproj", "{C4C8C24B-6BB9-4BAB-8679-B53FD11E5260}"
EndProject
Project("{FAE04EC0-301F-11D3-BF4B-00C04F79EFBC}") = "NCoreUtils.Extensions.Google.Cloud.CertificateManager.Core", "NCoreUtils.Extensions.Google.Cloud.CertificateManager.Core\NCoreUtils.Extensions.Google.Cloud.CertificateManager.Core.csproj", "{2125503A-2875-498C-B81E-AFC0B647570E}"
EndProject
Project("{FAE04EC0-301F-11D3-BF4B-00C04F79EFBC}") = "NCoreUtils.Extensions.Google.Cloud.CertificateManager.ServiceAccount", "NCoreUtils.Extensions.Google.Cloud.CertificateManager.ServiceAccount\NCoreUtils.Extensions.Google.Cloud.CertificateManager.ServiceAccount.csproj", "{65F17287-541F-48E8-86AA-55C569EE7D89}"
EndProject
Project("{FAE04EC0-301F-11D3-BF4B-00C04F79EFBC}") = "NCoreUtils.Extensions.Google.Cloud.MetadataServer", "NCoreUtils.Extensions.Google.Cloud.MetadataServer\NCoreUtils.Extensions.Google.Cloud.MetadataServer.csproj", "{00126BB5-7264-42A0-967C-276F0D243FBA}"
EndProject
Project("{FAE04EC0-301F-11D3-BF4B-00C04F79EFBC}") = "NCoreUtils.Extensions.Google.Cloud.CertificateManager.MetadataServer", "NCoreUtils.Extensions.Google.Cloud.CertificateManager.MetadataServer\NCoreUtils.Extensions.Google.Cloud.CertificateManager.MetadataServer.csproj", "{163F3D81-4121-4A4F-9B33-5A57B2B29701}"
EndProject
Project("{FAE04EC0-301F-11D3-BF4B-00C04F79EFBC}") = "NCoreUtils.Extensions.Google.Cloud.PubSub.MetadataServer", "NCoreUtils.Extensions.Google.Cloud.PubSub.MetadataServer\NCoreUtils.Extensions.Google.Cloud.PubSub.MetadataServer.csproj", "{CD4214E4-88FD-47BD-98FB-89ADE46A8B3A}"
EndProject
Project("{FAE04EC0-301F-11D3-BF4B-00C04F79EFBC}") = "NCoreUtils.Extensions.Google.Cloud.Storage.MetadataServer", "NCoreUtils.Extensions.Google.Cloud.Storage.MetadataServer\NCoreUtils.Extensions.Google.Cloud.Storage.MetadataServer.csproj", "{99CF5ED6-ED7A-4844-BCBD-28DF50FB831F}"
EndProject
Project("{FAE04EC0-301F-11D3-BF4B-00C04F79EFBC}") = "NCoreUtils.Extensions.Google.Cloud.StorageAdmin.MetadataServer", "NCoreUtils.Extensions.Google.Cloud.StorageAdmin.MetadataServer\NCoreUtils.Extensions.Google.Cloud.StorageAdmin.MetadataServer.csproj", "{734C9D5C-A241-4013-A2E5-3BE4212CFBA0}"
EndProject
Project("{FAE04EC0-301F-11D3-BF4B-00C04F79EFBC}") = "NCoreUtils.Extensions.Google.Maps.Geocoding.Abstractions", "NCoreUtils.Extensions.Google.Maps.Geocoding.Abstractions\NCoreUtils.Extensions.Google.Maps.Geocoding.Abstractions.csproj", "{345F08AA-F318-4E42-AA60-3966B86B40FE}"
EndProject
Project("{FAE04EC0-301F-11D3-BF4B-00C04F79EFBC}") = "NCoreUtils.Extensions.Google.Maps.Geocoding.Core", "NCoreUtils.Extensions.Google.Maps.Geocoding.Core\NCoreUtils.Extensions.Google.Maps.Geocoding.Core.csproj", "{3918D4C8-C818-4F7A-A4E6-02841D1E5128}"
EndProject
Project("{FAE04EC0-301F-11D3-BF4B-00C04F79EFBC}") = "NCoreUtils.Extensions.Google.Maps.Geocoding.ServiceAccount", "NCoreUtils.Extensions.Google.Maps.Geocoding.ServiceAccount\NCoreUtils.Extensions.Google.Maps.Geocoding.ServiceAccount.csproj", "{62CAB256-36AC-4DD2-B84D-640F2BC34172}"
EndProject
Project("{FAE04EC0-301F-11D3-BF4B-00C04F79EFBC}") = "NCoreUtils.Extensions.Google.Debug", "NCoreUtils.Extensions.Google.Debug\NCoreUtils.Extensions.Google.Debug.csproj", "{ABB21238-AF63-4003-ABA0-5A66B43D70BC}"
EndProject
Project("{FAE04EC0-301F-11D3-BF4B-00C04F79EFBC}") = "NCoreUtils.Extensions.Google.Cloud.Monitoring.Abstractions", "NCoreUtils.Extensions.Google.Cloud.Monitoring.Abstractions\NCoreUtils.Extensions.Google.Cloud.Monitoring.Abstractions.csproj", "{033BB2EB-2B86-4FF0-9ADB-87A81E4BF687}"
EndProject
Project("{FAE04EC0-301F-11D3-BF4B-00C04F79EFBC}") = "NCoreUtils.Extensions.Google.Cloud.Monitoring.Core", "NCoreUtils.Extensions.Google.Cloud.Monitoring.Core\NCoreUtils.Extensions.Google.Cloud.Monitoring.Core.csproj", "{DBBC1CA3-77DD-4D8D-B49A-8DFA17CDA480}"
EndProject
Project("{FAE04EC0-301F-11D3-BF4B-00C04F79EFBC}") = "NCoreUtils.Extensions.Google.Cloud.Monitoring.ServiceAccount", "NCoreUtils.Extensions.Google.Cloud.Monitoring.ServiceAccount\NCoreUtils.Extensions.Google.Cloud.Monitoring.ServiceAccount.csproj", "{585092CC-4422-44C9-BD23-7664436D9D17}"
EndProject
Project("{FAE04EC0-301F-11D3-BF4B-00C04F79EFBC}") = "NCoreUtils.Extensions.Google.Unit", "NCoreUtils.Extensions.Google.Unit\NCoreUtils.Extensions.Google.Unit.csproj", "{D6A5E9D5-477B-42C3-A269-1DB56240966D}"
EndProject
Project("{FAE04EC0-301F-11D3-BF4B-00C04F79EFBC}") = "NCoreUtils.Extensions.Google.Wallet.Abstractions", "NCoreUtils.Extensions.Google.Wallet.Abstractions\NCoreUtils.Extensions.Google.Wallet.Abstractions.csproj", "{E6066AA2-D327-412C-9E8D-AFA685ADFABB}"
EndProject
Project("{FAE04EC0-301F-11D3-BF4B-00C04F79EFBC}") = "NCoreUtils.Extensions.Google.Wallet.Core", "NCoreUtils.Extensions.Google.Wallet.Core\NCoreUtils.Extensions.Google.Wallet.Core.csproj", "{931DC6B8-C60E-4A53-A376-5BE708206A2C}"
EndProject
Project("{FAE04EC0-301F-11D3-BF4B-00C04F79EFBC}") = "NCoreUtils.Extensions.Google.Wallet.ServiceAccount", "NCoreUtils.Extensions.Google.Wallet.ServiceAccount\NCoreUtils.Extensions.Google.Wallet.ServiceAccount.csproj", "{27C37D7C-9ECC-400D-81FC-27EB0F8E8640}"
EndProject
Project("{FAE04EC0-301F-11D3-BF4B-00C04F79EFBC}") = "NCoreUtils.Extensions.Google.Cloud.Translation.Abstractions", "NCoreUtils.Extensions.Google.Cloud.Translation.Abstractions\NCoreUtils.Extensions.Google.Cloud.Translation.Abstractions.csproj", "{0A1572F3-853B-44AA-90F2-F444C107B1B4}"
EndProject
Project("{FAE04EC0-301F-11D3-BF4B-00C04F79EFBC}") = "NCoreUtils.Extensions.Google.Cloud.Translation.Core", "NCoreUtils.Extensions.Google.Cloud.Translation.Core\NCoreUtils.Extensions.Google.Cloud.Translation.Core.csproj", "{3CE119B2-7638-4A8B-AA0A-5F2A36651D96}"
EndProject
Project("{FAE04EC0-301F-11D3-BF4B-00C04F79EFBC}") = "NCoreUtils.Extensions.Google.Cloud.Translation.ServiceAccount", "NCoreUtils.Extensions.Google.Cloud.Translation.ServiceAccount\NCoreUtils.Extensions.Google.Cloud.Translation.ServiceAccount.csproj", "{05B2B9AA-E6DA-447F-8D85-B09CB7410A6E}"
EndProject
Global
	GlobalSection(SolutionConfigurationPlatforms) = preSolution
		Debug|Any CPU = Debug|Any CPU
		Debug|x64 = Debug|x64
		Debug|x86 = Debug|x86
		Release|Any CPU = Release|Any CPU
		Release|x64 = Release|x64
		Release|x86 = Release|x86
	EndGlobalSection
	GlobalSection(ProjectConfigurationPlatforms) = postSolution
		{6F013E00-D13C-48E5-A2A4-36122FB20D66}.Debug|Any CPU.ActiveCfg = Debug|Any CPU
		{6F013E00-D13C-48E5-A2A4-36122FB20D66}.Debug|Any CPU.Build.0 = Debug|Any CPU
		{6F013E00-D13C-48E5-A2A4-36122FB20D66}.Debug|x64.ActiveCfg = Debug|x64
		{6F013E00-D13C-48E5-A2A4-36122FB20D66}.Debug|x64.Build.0 = Debug|x64
		{6F013E00-D13C-48E5-A2A4-36122FB20D66}.Debug|x86.ActiveCfg = Debug|x86
		{6F013E00-D13C-48E5-A2A4-36122FB20D66}.Debug|x86.Build.0 = Debug|x86
		{6F013E00-D13C-48E5-A2A4-36122FB20D66}.Release|Any CPU.ActiveCfg = Release|Any CPU
		{6F013E00-D13C-48E5-A2A4-36122FB20D66}.Release|Any CPU.Build.0 = Release|Any CPU
		{6F013E00-D13C-48E5-A2A4-36122FB20D66}.Release|x64.ActiveCfg = Release|x64
		{6F013E00-D13C-48E5-A2A4-36122FB20D66}.Release|x64.Build.0 = Release|x64
		{6F013E00-D13C-48E5-A2A4-36122FB20D66}.Release|x86.ActiveCfg = Release|x86
		{6F013E00-D13C-48E5-A2A4-36122FB20D66}.Release|x86.Build.0 = Release|x86
		{0FDC6833-0FD5-4500-B4D5-6B363F77853C}.Debug|Any CPU.ActiveCfg = Debug|Any CPU
		{0FDC6833-0FD5-4500-B4D5-6B363F77853C}.Debug|Any CPU.Build.0 = Debug|Any CPU
		{0FDC6833-0FD5-4500-B4D5-6B363F77853C}.Debug|x64.ActiveCfg = Debug|x64
		{0FDC6833-0FD5-4500-B4D5-6B363F77853C}.Debug|x64.Build.0 = Debug|x64
		{0FDC6833-0FD5-4500-B4D5-6B363F77853C}.Debug|x86.ActiveCfg = Debug|x86
		{0FDC6833-0FD5-4500-B4D5-6B363F77853C}.Debug|x86.Build.0 = Debug|x86
		{0FDC6833-0FD5-4500-B4D5-6B363F77853C}.Release|Any CPU.ActiveCfg = Release|Any CPU
		{0FDC6833-0FD5-4500-B4D5-6B363F77853C}.Release|Any CPU.Build.0 = Release|Any CPU
		{0FDC6833-0FD5-4500-B4D5-6B363F77853C}.Release|x64.ActiveCfg = Release|x64
		{0FDC6833-0FD5-4500-B4D5-6B363F77853C}.Release|x64.Build.0 = Release|x64
		{0FDC6833-0FD5-4500-B4D5-6B363F77853C}.Release|x86.ActiveCfg = Release|x86
		{0FDC6833-0FD5-4500-B4D5-6B363F77853C}.Release|x86.Build.0 = Release|x86
		{DC68E6AA-5B08-40C9-9BB5-AF341073ED16}.Debug|Any CPU.ActiveCfg = Debug|Any CPU
		{DC68E6AA-5B08-40C9-9BB5-AF341073ED16}.Debug|Any CPU.Build.0 = Debug|Any CPU
		{DC68E6AA-5B08-40C9-9BB5-AF341073ED16}.Debug|x64.ActiveCfg = Debug|Any CPU
		{DC68E6AA-5B08-40C9-9BB5-AF341073ED16}.Debug|x64.Build.0 = Debug|Any CPU
		{DC68E6AA-5B08-40C9-9BB5-AF341073ED16}.Debug|x86.ActiveCfg = Debug|Any CPU
		{DC68E6AA-5B08-40C9-9BB5-AF341073ED16}.Debug|x86.Build.0 = Debug|Any CPU
		{DC68E6AA-5B08-40C9-9BB5-AF341073ED16}.Release|Any CPU.ActiveCfg = Release|Any CPU
		{DC68E6AA-5B08-40C9-9BB5-AF341073ED16}.Release|Any CPU.Build.0 = Release|Any CPU
		{DC68E6AA-5B08-40C9-9BB5-AF341073ED16}.Release|x64.ActiveCfg = Release|Any CPU
		{DC68E6AA-5B08-40C9-9BB5-AF341073ED16}.Release|x64.Build.0 = Release|Any CPU
		{DC68E6AA-5B08-40C9-9BB5-AF341073ED16}.Release|x86.ActiveCfg = Release|Any CPU
		{DC68E6AA-5B08-40C9-9BB5-AF341073ED16}.Release|x86.Build.0 = Release|Any CPU
		{2D6CC71B-8AE5-48D1-B357-6D26F093563D}.Debug|Any CPU.ActiveCfg = Debug|Any CPU
		{2D6CC71B-8AE5-48D1-B357-6D26F093563D}.Debug|Any CPU.Build.0 = Debug|Any CPU
		{2D6CC71B-8AE5-48D1-B357-6D26F093563D}.Debug|x64.ActiveCfg = Debug|Any CPU
		{2D6CC71B-8AE5-48D1-B357-6D26F093563D}.Debug|x64.Build.0 = Debug|Any CPU
		{2D6CC71B-8AE5-48D1-B357-6D26F093563D}.Debug|x86.ActiveCfg = Debug|Any CPU
		{2D6CC71B-8AE5-48D1-B357-6D26F093563D}.Debug|x86.Build.0 = Debug|Any CPU
		{2D6CC71B-8AE5-48D1-B357-6D26F093563D}.Release|Any CPU.ActiveCfg = Release|Any CPU
		{2D6CC71B-8AE5-48D1-B357-6D26F093563D}.Release|Any CPU.Build.0 = Release|Any CPU
		{2D6CC71B-8AE5-48D1-B357-6D26F093563D}.Release|x64.ActiveCfg = Release|Any CPU
		{2D6CC71B-8AE5-48D1-B357-6D26F093563D}.Release|x64.Build.0 = Release|Any CPU
		{2D6CC71B-8AE5-48D1-B357-6D26F093563D}.Release|x86.ActiveCfg = Release|Any CPU
		{2D6CC71B-8AE5-48D1-B357-6D26F093563D}.Release|x86.Build.0 = Release|Any CPU
		{502ADD6A-257E-441A-B1DF-33183D284257}.Debug|Any CPU.ActiveCfg = Debug|Any CPU
		{502ADD6A-257E-441A-B1DF-33183D284257}.Debug|Any CPU.Build.0 = Debug|Any CPU
		{502ADD6A-257E-441A-B1DF-33183D284257}.Debug|x64.ActiveCfg = Debug|Any CPU
		{502ADD6A-257E-441A-B1DF-33183D284257}.Debug|x64.Build.0 = Debug|Any CPU
		{502ADD6A-257E-441A-B1DF-33183D284257}.Debug|x86.ActiveCfg = Debug|Any CPU
		{502ADD6A-257E-441A-B1DF-33183D284257}.Debug|x86.Build.0 = Debug|Any CPU
		{502ADD6A-257E-441A-B1DF-33183D284257}.Release|Any CPU.ActiveCfg = Release|Any CPU
		{502ADD6A-257E-441A-B1DF-33183D284257}.Release|Any CPU.Build.0 = Release|Any CPU
		{502ADD6A-257E-441A-B1DF-33183D284257}.Release|x64.ActiveCfg = Release|Any CPU
		{502ADD6A-257E-441A-B1DF-33183D284257}.Release|x64.Build.0 = Release|Any CPU
		{502ADD6A-257E-441A-B1DF-33183D284257}.Release|x86.ActiveCfg = Release|Any CPU
		{502ADD6A-257E-441A-B1DF-33183D284257}.Release|x86.Build.0 = Release|Any CPU
		{BF626E72-6FA8-4BA0-A249-FB5D7F8A2BB9}.Debug|Any CPU.ActiveCfg = Debug|Any CPU
		{BF626E72-6FA8-4BA0-A249-FB5D7F8A2BB9}.Debug|Any CPU.Build.0 = Debug|Any CPU
		{BF626E72-6FA8-4BA0-A249-FB5D7F8A2BB9}.Debug|x64.ActiveCfg = Debug|Any CPU
		{BF626E72-6FA8-4BA0-A249-FB5D7F8A2BB9}.Debug|x64.Build.0 = Debug|Any CPU
		{BF626E72-6FA8-4BA0-A249-FB5D7F8A2BB9}.Debug|x86.ActiveCfg = Debug|Any CPU
		{BF626E72-6FA8-4BA0-A249-FB5D7F8A2BB9}.Debug|x86.Build.0 = Debug|Any CPU
		{BF626E72-6FA8-4BA0-A249-FB5D7F8A2BB9}.Release|Any CPU.ActiveCfg = Release|Any CPU
		{BF626E72-6FA8-4BA0-A249-FB5D7F8A2BB9}.Release|Any CPU.Build.0 = Release|Any CPU
		{BF626E72-6FA8-4BA0-A249-FB5D7F8A2BB9}.Release|x64.ActiveCfg = Release|Any CPU
		{BF626E72-6FA8-4BA0-A249-FB5D7F8A2BB9}.Release|x64.Build.0 = Release|Any CPU
		{BF626E72-6FA8-4BA0-A249-FB5D7F8A2BB9}.Release|x86.ActiveCfg = Release|Any CPU
		{BF626E72-6FA8-4BA0-A249-FB5D7F8A2BB9}.Release|x86.Build.0 = Release|Any CPU
		{BBBDFBC9-81B2-478A-ABE7-5A98D09BA8FD}.Debug|Any CPU.ActiveCfg = Debug|Any CPU
		{BBBDFBC9-81B2-478A-ABE7-5A98D09BA8FD}.Debug|Any CPU.Build.0 = Debug|Any CPU
		{BBBDFBC9-81B2-478A-ABE7-5A98D09BA8FD}.Debug|x64.ActiveCfg = Debug|Any CPU
		{BBBDFBC9-81B2-478A-ABE7-5A98D09BA8FD}.Debug|x64.Build.0 = Debug|Any CPU
		{BBBDFBC9-81B2-478A-ABE7-5A98D09BA8FD}.Debug|x86.ActiveCfg = Debug|Any CPU
		{BBBDFBC9-81B2-478A-ABE7-5A98D09BA8FD}.Debug|x86.Build.0 = Debug|Any CPU
		{BBBDFBC9-81B2-478A-ABE7-5A98D09BA8FD}.Release|Any CPU.ActiveCfg = Release|Any CPU
		{BBBDFBC9-81B2-478A-ABE7-5A98D09BA8FD}.Release|Any CPU.Build.0 = Release|Any CPU
		{BBBDFBC9-81B2-478A-ABE7-5A98D09BA8FD}.Release|x64.ActiveCfg = Release|Any CPU
		{BBBDFBC9-81B2-478A-ABE7-5A98D09BA8FD}.Release|x64.Build.0 = Release|Any CPU
		{BBBDFBC9-81B2-478A-ABE7-5A98D09BA8FD}.Release|x86.ActiveCfg = Release|Any CPU
		{BBBDFBC9-81B2-478A-ABE7-5A98D09BA8FD}.Release|x86.Build.0 = Release|Any CPU
		{99750CC0-105E-46D3-B03D-D5C1537608D1}.Debug|Any CPU.ActiveCfg = Debug|Any CPU
		{99750CC0-105E-46D3-B03D-D5C1537608D1}.Debug|Any CPU.Build.0 = Debug|Any CPU
		{99750CC0-105E-46D3-B03D-D5C1537608D1}.Debug|x64.ActiveCfg = Debug|Any CPU
		{99750CC0-105E-46D3-B03D-D5C1537608D1}.Debug|x64.Build.0 = Debug|Any CPU
		{99750CC0-105E-46D3-B03D-D5C1537608D1}.Debug|x86.ActiveCfg = Debug|Any CPU
		{99750CC0-105E-46D3-B03D-D5C1537608D1}.Debug|x86.Build.0 = Debug|Any CPU
		{99750CC0-105E-46D3-B03D-D5C1537608D1}.Release|Any CPU.ActiveCfg = Release|Any CPU
		{99750CC0-105E-46D3-B03D-D5C1537608D1}.Release|Any CPU.Build.0 = Release|Any CPU
		{99750CC0-105E-46D3-B03D-D5C1537608D1}.Release|x64.ActiveCfg = Release|Any CPU
		{99750CC0-105E-46D3-B03D-D5C1537608D1}.Release|x64.Build.0 = Release|Any CPU
		{99750CC0-105E-46D3-B03D-D5C1537608D1}.Release|x86.ActiveCfg = Release|Any CPU
		{99750CC0-105E-46D3-B03D-D5C1537608D1}.Release|x86.Build.0 = Release|Any CPU
		{1AF27EF6-EC31-4B34-99C4-8C6838EBFFCC}.Debug|Any CPU.ActiveCfg = Debug|Any CPU
		{1AF27EF6-EC31-4B34-99C4-8C6838EBFFCC}.Debug|Any CPU.Build.0 = Debug|Any CPU
		{1AF27EF6-EC31-4B34-99C4-8C6838EBFFCC}.Debug|x64.ActiveCfg = Debug|Any CPU
		{1AF27EF6-EC31-4B34-99C4-8C6838EBFFCC}.Debug|x64.Build.0 = Debug|Any CPU
		{1AF27EF6-EC31-4B34-99C4-8C6838EBFFCC}.Debug|x86.ActiveCfg = Debug|Any CPU
		{1AF27EF6-EC31-4B34-99C4-8C6838EBFFCC}.Debug|x86.Build.0 = Debug|Any CPU
		{1AF27EF6-EC31-4B34-99C4-8C6838EBFFCC}.Release|Any CPU.ActiveCfg = Release|Any CPU
		{1AF27EF6-EC31-4B34-99C4-8C6838EBFFCC}.Release|Any CPU.Build.0 = Release|Any CPU
		{1AF27EF6-EC31-4B34-99C4-8C6838EBFFCC}.Release|x64.ActiveCfg = Release|Any CPU
		{1AF27EF6-EC31-4B34-99C4-8C6838EBFFCC}.Release|x64.Build.0 = Release|Any CPU
		{1AF27EF6-EC31-4B34-99C4-8C6838EBFFCC}.Release|x86.ActiveCfg = Release|Any CPU
		{1AF27EF6-EC31-4B34-99C4-8C6838EBFFCC}.Release|x86.Build.0 = Release|Any CPU
		{05EDCAB9-BB76-4D77-805B-F457A671E23E}.Debug|Any CPU.ActiveCfg = Debug|Any CPU
		{05EDCAB9-BB76-4D77-805B-F457A671E23E}.Debug|Any CPU.Build.0 = Debug|Any CPU
		{05EDCAB9-BB76-4D77-805B-F457A671E23E}.Debug|x64.ActiveCfg = Debug|Any CPU
		{05EDCAB9-BB76-4D77-805B-F457A671E23E}.Debug|x64.Build.0 = Debug|Any CPU
		{05EDCAB9-BB76-4D77-805B-F457A671E23E}.Debug|x86.ActiveCfg = Debug|Any CPU
		{05EDCAB9-BB76-4D77-805B-F457A671E23E}.Debug|x86.Build.0 = Debug|Any CPU
		{05EDCAB9-BB76-4D77-805B-F457A671E23E}.Release|Any CPU.ActiveCfg = Release|Any CPU
		{05EDCAB9-BB76-4D77-805B-F457A671E23E}.Release|Any CPU.Build.0 = Release|Any CPU
		{05EDCAB9-BB76-4D77-805B-F457A671E23E}.Release|x64.ActiveCfg = Release|Any CPU
		{05EDCAB9-BB76-4D77-805B-F457A671E23E}.Release|x64.Build.0 = Release|Any CPU
		{05EDCAB9-BB76-4D77-805B-F457A671E23E}.Release|x86.ActiveCfg = Release|Any CPU
		{05EDCAB9-BB76-4D77-805B-F457A671E23E}.Release|x86.Build.0 = Release|Any CPU
		{309A45A5-A7BF-431E-AD19-C376D8331368}.Debug|Any CPU.ActiveCfg = Debug|Any CPU
		{309A45A5-A7BF-431E-AD19-C376D8331368}.Debug|Any CPU.Build.0 = Debug|Any CPU
		{309A45A5-A7BF-431E-AD19-C376D8331368}.Debug|x64.ActiveCfg = Debug|Any CPU
		{309A45A5-A7BF-431E-AD19-C376D8331368}.Debug|x64.Build.0 = Debug|Any CPU
		{309A45A5-A7BF-431E-AD19-C376D8331368}.Debug|x86.ActiveCfg = Debug|Any CPU
		{309A45A5-A7BF-431E-AD19-C376D8331368}.Debug|x86.Build.0 = Debug|Any CPU
		{309A45A5-A7BF-431E-AD19-C376D8331368}.Release|Any CPU.ActiveCfg = Release|Any CPU
		{309A45A5-A7BF-431E-AD19-C376D8331368}.Release|Any CPU.Build.0 = Release|Any CPU
		{309A45A5-A7BF-431E-AD19-C376D8331368}.Release|x64.ActiveCfg = Release|Any CPU
		{309A45A5-A7BF-431E-AD19-C376D8331368}.Release|x64.Build.0 = Release|Any CPU
		{309A45A5-A7BF-431E-AD19-C376D8331368}.Release|x86.ActiveCfg = Release|Any CPU
		{309A45A5-A7BF-431E-AD19-C376D8331368}.Release|x86.Build.0 = Release|Any CPU
		{37384AE3-7504-43EA-9D10-5AFD97C915EA}.Debug|Any CPU.ActiveCfg = Debug|Any CPU
		{37384AE3-7504-43EA-9D10-5AFD97C915EA}.Debug|Any CPU.Build.0 = Debug|Any CPU
		{37384AE3-7504-43EA-9D10-5AFD97C915EA}.Debug|x64.ActiveCfg = Debug|Any CPU
		{37384AE3-7504-43EA-9D10-5AFD97C915EA}.Debug|x64.Build.0 = Debug|Any CPU
		{37384AE3-7504-43EA-9D10-5AFD97C915EA}.Debug|x86.ActiveCfg = Debug|Any CPU
		{37384AE3-7504-43EA-9D10-5AFD97C915EA}.Debug|x86.Build.0 = Debug|Any CPU
		{37384AE3-7504-43EA-9D10-5AFD97C915EA}.Release|Any CPU.ActiveCfg = Release|Any CPU
		{37384AE3-7504-43EA-9D10-5AFD97C915EA}.Release|Any CPU.Build.0 = Release|Any CPU
		{37384AE3-7504-43EA-9D10-5AFD97C915EA}.Release|x64.ActiveCfg = Release|Any CPU
		{37384AE3-7504-43EA-9D10-5AFD97C915EA}.Release|x64.Build.0 = Release|Any CPU
		{37384AE3-7504-43EA-9D10-5AFD97C915EA}.Release|x86.ActiveCfg = Release|Any CPU
		{37384AE3-7504-43EA-9D10-5AFD97C915EA}.Release|x86.Build.0 = Release|Any CPU
		{B54CCCB2-B2BE-4719-A5FA-30D70D45E067}.Debug|Any CPU.ActiveCfg = Debug|Any CPU
		{B54CCCB2-B2BE-4719-A5FA-30D70D45E067}.Debug|Any CPU.Build.0 = Debug|Any CPU
		{B54CCCB2-B2BE-4719-A5FA-30D70D45E067}.Debug|x64.ActiveCfg = Debug|Any CPU
		{B54CCCB2-B2BE-4719-A5FA-30D70D45E067}.Debug|x64.Build.0 = Debug|Any CPU
		{B54CCCB2-B2BE-4719-A5FA-30D70D45E067}.Debug|x86.ActiveCfg = Debug|Any CPU
		{B54CCCB2-B2BE-4719-A5FA-30D70D45E067}.Debug|x86.Build.0 = Debug|Any CPU
		{B54CCCB2-B2BE-4719-A5FA-30D70D45E067}.Release|Any CPU.ActiveCfg = Release|Any CPU
		{B54CCCB2-B2BE-4719-A5FA-30D70D45E067}.Release|Any CPU.Build.0 = Release|Any CPU
		{B54CCCB2-B2BE-4719-A5FA-30D70D45E067}.Release|x64.ActiveCfg = Release|Any CPU
		{B54CCCB2-B2BE-4719-A5FA-30D70D45E067}.Release|x64.Build.0 = Release|Any CPU
		{B54CCCB2-B2BE-4719-A5FA-30D70D45E067}.Release|x86.ActiveCfg = Release|Any CPU
		{B54CCCB2-B2BE-4719-A5FA-30D70D45E067}.Release|x86.Build.0 = Release|Any CPU
		{D1629535-30A4-4086-8F56-A4181D4A25A3}.Debug|Any CPU.ActiveCfg = Debug|Any CPU
		{D1629535-30A4-4086-8F56-A4181D4A25A3}.Debug|Any CPU.Build.0 = Debug|Any CPU
		{D1629535-30A4-4086-8F56-A4181D4A25A3}.Debug|x64.ActiveCfg = Debug|Any CPU
		{D1629535-30A4-4086-8F56-A4181D4A25A3}.Debug|x64.Build.0 = Debug|Any CPU
		{D1629535-30A4-4086-8F56-A4181D4A25A3}.Debug|x86.ActiveCfg = Debug|Any CPU
		{D1629535-30A4-4086-8F56-A4181D4A25A3}.Debug|x86.Build.0 = Debug|Any CPU
		{D1629535-30A4-4086-8F56-A4181D4A25A3}.Release|Any CPU.ActiveCfg = Release|Any CPU
		{D1629535-30A4-4086-8F56-A4181D4A25A3}.Release|Any CPU.Build.0 = Release|Any CPU
		{D1629535-30A4-4086-8F56-A4181D4A25A3}.Release|x64.ActiveCfg = Release|Any CPU
		{D1629535-30A4-4086-8F56-A4181D4A25A3}.Release|x64.Build.0 = Release|Any CPU
		{D1629535-30A4-4086-8F56-A4181D4A25A3}.Release|x86.ActiveCfg = Release|Any CPU
		{D1629535-30A4-4086-8F56-A4181D4A25A3}.Release|x86.Build.0 = Release|Any CPU
		{30A734F4-59DD-4113-920D-816FC989E9CC}.Debug|Any CPU.ActiveCfg = Debug|Any CPU
		{30A734F4-59DD-4113-920D-816FC989E9CC}.Debug|Any CPU.Build.0 = Debug|Any CPU
		{30A734F4-59DD-4113-920D-816FC989E9CC}.Debug|x64.ActiveCfg = Debug|Any CPU
		{30A734F4-59DD-4113-920D-816FC989E9CC}.Debug|x64.Build.0 = Debug|Any CPU
		{30A734F4-59DD-4113-920D-816FC989E9CC}.Debug|x86.ActiveCfg = Debug|Any CPU
		{30A734F4-59DD-4113-920D-816FC989E9CC}.Debug|x86.Build.0 = Debug|Any CPU
		{30A734F4-59DD-4113-920D-816FC989E9CC}.Release|Any CPU.ActiveCfg = Release|Any CPU
		{30A734F4-59DD-4113-920D-816FC989E9CC}.Release|Any CPU.Build.0 = Release|Any CPU
		{30A734F4-59DD-4113-920D-816FC989E9CC}.Release|x64.ActiveCfg = Release|Any CPU
		{30A734F4-59DD-4113-920D-816FC989E9CC}.Release|x64.Build.0 = Release|Any CPU
		{30A734F4-59DD-4113-920D-816FC989E9CC}.Release|x86.ActiveCfg = Release|Any CPU
		{30A734F4-59DD-4113-920D-816FC989E9CC}.Release|x86.Build.0 = Release|Any CPU
		{7FC0C9A5-91A0-43C7-8995-15BE737C00D7}.Debug|Any CPU.ActiveCfg = Debug|Any CPU
		{7FC0C9A5-91A0-43C7-8995-15BE737C00D7}.Debug|Any CPU.Build.0 = Debug|Any CPU
		{7FC0C9A5-91A0-43C7-8995-15BE737C00D7}.Debug|x64.ActiveCfg = Debug|Any CPU
		{7FC0C9A5-91A0-43C7-8995-15BE737C00D7}.Debug|x64.Build.0 = Debug|Any CPU
		{7FC0C9A5-91A0-43C7-8995-15BE737C00D7}.Debug|x86.ActiveCfg = Debug|Any CPU
		{7FC0C9A5-91A0-43C7-8995-15BE737C00D7}.Debug|x86.Build.0 = Debug|Any CPU
		{7FC0C9A5-91A0-43C7-8995-15BE737C00D7}.Release|Any CPU.ActiveCfg = Release|Any CPU
		{7FC0C9A5-91A0-43C7-8995-15BE737C00D7}.Release|Any CPU.Build.0 = Release|Any CPU
		{7FC0C9A5-91A0-43C7-8995-15BE737C00D7}.Release|x64.ActiveCfg = Release|Any CPU
		{7FC0C9A5-91A0-43C7-8995-15BE737C00D7}.Release|x64.Build.0 = Release|Any CPU
		{7FC0C9A5-91A0-43C7-8995-15BE737C00D7}.Release|x86.ActiveCfg = Release|Any CPU
		{7FC0C9A5-91A0-43C7-8995-15BE737C00D7}.Release|x86.Build.0 = Release|Any CPU
		{20CF497C-43E4-4E58-9F78-1255530E0313}.Debug|Any CPU.ActiveCfg = Debug|Any CPU
		{20CF497C-43E4-4E58-9F78-1255530E0313}.Debug|Any CPU.Build.0 = Debug|Any CPU
		{20CF497C-43E4-4E58-9F78-1255530E0313}.Debug|x64.ActiveCfg = Debug|Any CPU
		{20CF497C-43E4-4E58-9F78-1255530E0313}.Debug|x64.Build.0 = Debug|Any CPU
		{20CF497C-43E4-4E58-9F78-1255530E0313}.Debug|x86.ActiveCfg = Debug|Any CPU
		{20CF497C-43E4-4E58-9F78-1255530E0313}.Debug|x86.Build.0 = Debug|Any CPU
		{20CF497C-43E4-4E58-9F78-1255530E0313}.Release|Any CPU.ActiveCfg = Release|Any CPU
		{20CF497C-43E4-4E58-9F78-1255530E0313}.Release|Any CPU.Build.0 = Release|Any CPU
		{20CF497C-43E4-4E58-9F78-1255530E0313}.Release|x64.ActiveCfg = Release|Any CPU
		{20CF497C-43E4-4E58-9F78-1255530E0313}.Release|x64.Build.0 = Release|Any CPU
		{20CF497C-43E4-4E58-9F78-1255530E0313}.Release|x86.ActiveCfg = Release|Any CPU
		{20CF497C-43E4-4E58-9F78-1255530E0313}.Release|x86.Build.0 = Release|Any CPU
		{A961C850-3046-48D2-BF27-822C18E4C0F9}.Debug|Any CPU.ActiveCfg = Debug|Any CPU
		{A961C850-3046-48D2-BF27-822C18E4C0F9}.Debug|Any CPU.Build.0 = Debug|Any CPU
		{A961C850-3046-48D2-BF27-822C18E4C0F9}.Debug|x64.ActiveCfg = Debug|Any CPU
		{A961C850-3046-48D2-BF27-822C18E4C0F9}.Debug|x64.Build.0 = Debug|Any CPU
		{A961C850-3046-48D2-BF27-822C18E4C0F9}.Debug|x86.ActiveCfg = Debug|Any CPU
		{A961C850-3046-48D2-BF27-822C18E4C0F9}.Debug|x86.Build.0 = Debug|Any CPU
		{A961C850-3046-48D2-BF27-822C18E4C0F9}.Release|Any CPU.ActiveCfg = Release|Any CPU
		{A961C850-3046-48D2-BF27-822C18E4C0F9}.Release|Any CPU.Build.0 = Release|Any CPU
		{A961C850-3046-48D2-BF27-822C18E4C0F9}.Release|x64.ActiveCfg = Release|Any CPU
		{A961C850-3046-48D2-BF27-822C18E4C0F9}.Release|x64.Build.0 = Release|Any CPU
		{A961C850-3046-48D2-BF27-822C18E4C0F9}.Release|x86.ActiveCfg = Release|Any CPU
		{A961C850-3046-48D2-BF27-822C18E4C0F9}.Release|x86.Build.0 = Release|Any CPU
		{C1752F8B-104A-4520-8091-842A918B8F19}.Debug|Any CPU.ActiveCfg = Debug|Any CPU
		{C1752F8B-104A-4520-8091-842A918B8F19}.Debug|Any CPU.Build.0 = Debug|Any CPU
		{C1752F8B-104A-4520-8091-842A918B8F19}.Debug|x64.ActiveCfg = Debug|Any CPU
		{C1752F8B-104A-4520-8091-842A918B8F19}.Debug|x64.Build.0 = Debug|Any CPU
		{C1752F8B-104A-4520-8091-842A918B8F19}.Debug|x86.ActiveCfg = Debug|Any CPU
		{C1752F8B-104A-4520-8091-842A918B8F19}.Debug|x86.Build.0 = Debug|Any CPU
		{C1752F8B-104A-4520-8091-842A918B8F19}.Release|Any CPU.ActiveCfg = Release|Any CPU
		{C1752F8B-104A-4520-8091-842A918B8F19}.Release|Any CPU.Build.0 = Release|Any CPU
		{C1752F8B-104A-4520-8091-842A918B8F19}.Release|x64.ActiveCfg = Release|Any CPU
		{C1752F8B-104A-4520-8091-842A918B8F19}.Release|x64.Build.0 = Release|Any CPU
		{C1752F8B-104A-4520-8091-842A918B8F19}.Release|x86.ActiveCfg = Release|Any CPU
		{C1752F8B-104A-4520-8091-842A918B8F19}.Release|x86.Build.0 = Release|Any CPU
		{99B05E2B-5D07-4CDB-9FAB-BC9B1A55C2D2}.Debug|Any CPU.ActiveCfg = Debug|Any CPU
		{99B05E2B-5D07-4CDB-9FAB-BC9B1A55C2D2}.Debug|Any CPU.Build.0 = Debug|Any CPU
		{99B05E2B-5D07-4CDB-9FAB-BC9B1A55C2D2}.Debug|x64.ActiveCfg = Debug|Any CPU
		{99B05E2B-5D07-4CDB-9FAB-BC9B1A55C2D2}.Debug|x64.Build.0 = Debug|Any CPU
		{99B05E2B-5D07-4CDB-9FAB-BC9B1A55C2D2}.Debug|x86.ActiveCfg = Debug|Any CPU
		{99B05E2B-5D07-4CDB-9FAB-BC9B1A55C2D2}.Debug|x86.Build.0 = Debug|Any CPU
		{99B05E2B-5D07-4CDB-9FAB-BC9B1A55C2D2}.Release|Any CPU.ActiveCfg = Release|Any CPU
		{99B05E2B-5D07-4CDB-9FAB-BC9B1A55C2D2}.Release|Any CPU.Build.0 = Release|Any CPU
		{99B05E2B-5D07-4CDB-9FAB-BC9B1A55C2D2}.Release|x64.ActiveCfg = Release|Any CPU
		{99B05E2B-5D07-4CDB-9FAB-BC9B1A55C2D2}.Release|x64.Build.0 = Release|Any CPU
		{99B05E2B-5D07-4CDB-9FAB-BC9B1A55C2D2}.Release|x86.ActiveCfg = Release|Any CPU
		{99B05E2B-5D07-4CDB-9FAB-BC9B1A55C2D2}.Release|x86.Build.0 = Release|Any CPU
		{A79E8F35-D493-4525-A11A-3935470D0EAF}.Debug|Any CPU.ActiveCfg = Debug|Any CPU
		{A79E8F35-D493-4525-A11A-3935470D0EAF}.Debug|Any CPU.Build.0 = Debug|Any CPU
		{A79E8F35-D493-4525-A11A-3935470D0EAF}.Debug|x64.ActiveCfg = Debug|Any CPU
		{A79E8F35-D493-4525-A11A-3935470D0EAF}.Debug|x64.Build.0 = Debug|Any CPU
		{A79E8F35-D493-4525-A11A-3935470D0EAF}.Debug|x86.ActiveCfg = Debug|Any CPU
		{A79E8F35-D493-4525-A11A-3935470D0EAF}.Debug|x86.Build.0 = Debug|Any CPU
		{A79E8F35-D493-4525-A11A-3935470D0EAF}.Release|Any CPU.ActiveCfg = Release|Any CPU
		{A79E8F35-D493-4525-A11A-3935470D0EAF}.Release|Any CPU.Build.0 = Release|Any CPU
		{A79E8F35-D493-4525-A11A-3935470D0EAF}.Release|x64.ActiveCfg = Release|Any CPU
		{A79E8F35-D493-4525-A11A-3935470D0EAF}.Release|x64.Build.0 = Release|Any CPU
		{A79E8F35-D493-4525-A11A-3935470D0EAF}.Release|x86.ActiveCfg = Release|Any CPU
		{A79E8F35-D493-4525-A11A-3935470D0EAF}.Release|x86.Build.0 = Release|Any CPU
		{11105AAC-8A8A-4FCC-A77C-53AC273532AD}.Debug|Any CPU.ActiveCfg = Debug|Any CPU
		{11105AAC-8A8A-4FCC-A77C-53AC273532AD}.Debug|Any CPU.Build.0 = Debug|Any CPU
		{11105AAC-8A8A-4FCC-A77C-53AC273532AD}.Debug|x64.ActiveCfg = Debug|Any CPU
		{11105AAC-8A8A-4FCC-A77C-53AC273532AD}.Debug|x64.Build.0 = Debug|Any CPU
		{11105AAC-8A8A-4FCC-A77C-53AC273532AD}.Debug|x86.ActiveCfg = Debug|Any CPU
		{11105AAC-8A8A-4FCC-A77C-53AC273532AD}.Debug|x86.Build.0 = Debug|Any CPU
		{11105AAC-8A8A-4FCC-A77C-53AC273532AD}.Release|Any CPU.ActiveCfg = Release|Any CPU
		{11105AAC-8A8A-4FCC-A77C-53AC273532AD}.Release|Any CPU.Build.0 = Release|Any CPU
		{11105AAC-8A8A-4FCC-A77C-53AC273532AD}.Release|x64.ActiveCfg = Release|Any CPU
		{11105AAC-8A8A-4FCC-A77C-53AC273532AD}.Release|x64.Build.0 = Release|Any CPU
		{11105AAC-8A8A-4FCC-A77C-53AC273532AD}.Release|x86.ActiveCfg = Release|Any CPU
		{11105AAC-8A8A-4FCC-A77C-53AC273532AD}.Release|x86.Build.0 = Release|Any CPU
		{4A1D0EFB-46F3-4CCE-A166-A8446B45DD7E}.Debug|Any CPU.ActiveCfg = Debug|Any CPU
		{4A1D0EFB-46F3-4CCE-A166-A8446B45DD7E}.Debug|Any CPU.Build.0 = Debug|Any CPU
		{4A1D0EFB-46F3-4CCE-A166-A8446B45DD7E}.Debug|x64.ActiveCfg = Debug|Any CPU
		{4A1D0EFB-46F3-4CCE-A166-A8446B45DD7E}.Debug|x64.Build.0 = Debug|Any CPU
		{4A1D0EFB-46F3-4CCE-A166-A8446B45DD7E}.Debug|x86.ActiveCfg = Debug|Any CPU
		{4A1D0EFB-46F3-4CCE-A166-A8446B45DD7E}.Debug|x86.Build.0 = Debug|Any CPU
		{4A1D0EFB-46F3-4CCE-A166-A8446B45DD7E}.Release|Any CPU.ActiveCfg = Release|Any CPU
		{4A1D0EFB-46F3-4CCE-A166-A8446B45DD7E}.Release|Any CPU.Build.0 = Release|Any CPU
		{4A1D0EFB-46F3-4CCE-A166-A8446B45DD7E}.Release|x64.ActiveCfg = Release|Any CPU
		{4A1D0EFB-46F3-4CCE-A166-A8446B45DD7E}.Release|x64.Build.0 = Release|Any CPU
		{4A1D0EFB-46F3-4CCE-A166-A8446B45DD7E}.Release|x86.ActiveCfg = Release|Any CPU
		{4A1D0EFB-46F3-4CCE-A166-A8446B45DD7E}.Release|x86.Build.0 = Release|Any CPU
		{33BAA6B3-F2B7-4540-A72B-77EC5AF87A08}.Debug|Any CPU.ActiveCfg = Debug|Any CPU
		{33BAA6B3-F2B7-4540-A72B-77EC5AF87A08}.Debug|Any CPU.Build.0 = Debug|Any CPU
		{33BAA6B3-F2B7-4540-A72B-77EC5AF87A08}.Debug|x64.ActiveCfg = Debug|Any CPU
		{33BAA6B3-F2B7-4540-A72B-77EC5AF87A08}.Debug|x64.Build.0 = Debug|Any CPU
		{33BAA6B3-F2B7-4540-A72B-77EC5AF87A08}.Debug|x86.ActiveCfg = Debug|Any CPU
		{33BAA6B3-F2B7-4540-A72B-77EC5AF87A08}.Debug|x86.Build.0 = Debug|Any CPU
		{33BAA6B3-F2B7-4540-A72B-77EC5AF87A08}.Release|Any CPU.ActiveCfg = Release|Any CPU
		{33BAA6B3-F2B7-4540-A72B-77EC5AF87A08}.Release|Any CPU.Build.0 = Release|Any CPU
		{33BAA6B3-F2B7-4540-A72B-77EC5AF87A08}.Release|x64.ActiveCfg = Release|Any CPU
		{33BAA6B3-F2B7-4540-A72B-77EC5AF87A08}.Release|x64.Build.0 = Release|Any CPU
		{33BAA6B3-F2B7-4540-A72B-77EC5AF87A08}.Release|x86.ActiveCfg = Release|Any CPU
		{33BAA6B3-F2B7-4540-A72B-77EC5AF87A08}.Release|x86.Build.0 = Release|Any CPU
		{2BB3772A-8EDF-46C4-97FF-A11DA6DD179E}.Debug|Any CPU.ActiveCfg = Debug|Any CPU
		{2BB3772A-8EDF-46C4-97FF-A11DA6DD179E}.Debug|Any CPU.Build.0 = Debug|Any CPU
		{2BB3772A-8EDF-46C4-97FF-A11DA6DD179E}.Debug|x64.ActiveCfg = Debug|Any CPU
		{2BB3772A-8EDF-46C4-97FF-A11DA6DD179E}.Debug|x64.Build.0 = Debug|Any CPU
		{2BB3772A-8EDF-46C4-97FF-A11DA6DD179E}.Debug|x86.ActiveCfg = Debug|Any CPU
		{2BB3772A-8EDF-46C4-97FF-A11DA6DD179E}.Debug|x86.Build.0 = Debug|Any CPU
		{2BB3772A-8EDF-46C4-97FF-A11DA6DD179E}.Release|Any CPU.ActiveCfg = Release|Any CPU
		{2BB3772A-8EDF-46C4-97FF-A11DA6DD179E}.Release|Any CPU.Build.0 = Release|Any CPU
		{2BB3772A-8EDF-46C4-97FF-A11DA6DD179E}.Release|x64.ActiveCfg = Release|Any CPU
		{2BB3772A-8EDF-46C4-97FF-A11DA6DD179E}.Release|x64.Build.0 = Release|Any CPU
		{2BB3772A-8EDF-46C4-97FF-A11DA6DD179E}.Release|x86.ActiveCfg = Release|Any CPU
		{2BB3772A-8EDF-46C4-97FF-A11DA6DD179E}.Release|x86.Build.0 = Release|Any CPU
		{F8E7AA24-3CBD-4771-915E-0889C03CE34D}.Debug|Any CPU.ActiveCfg = Debug|Any CPU
		{F8E7AA24-3CBD-4771-915E-0889C03CE34D}.Debug|Any CPU.Build.0 = Debug|Any CPU
		{F8E7AA24-3CBD-4771-915E-0889C03CE34D}.Debug|x64.ActiveCfg = Debug|Any CPU
		{F8E7AA24-3CBD-4771-915E-0889C03CE34D}.Debug|x64.Build.0 = Debug|Any CPU
		{F8E7AA24-3CBD-4771-915E-0889C03CE34D}.Debug|x86.ActiveCfg = Debug|Any CPU
		{F8E7AA24-3CBD-4771-915E-0889C03CE34D}.Debug|x86.Build.0 = Debug|Any CPU
		{F8E7AA24-3CBD-4771-915E-0889C03CE34D}.Release|Any CPU.ActiveCfg = Release|Any CPU
		{F8E7AA24-3CBD-4771-915E-0889C03CE34D}.Release|Any CPU.Build.0 = Release|Any CPU
		{F8E7AA24-3CBD-4771-915E-0889C03CE34D}.Release|x64.ActiveCfg = Release|Any CPU
		{F8E7AA24-3CBD-4771-915E-0889C03CE34D}.Release|x64.Build.0 = Release|Any CPU
		{F8E7AA24-3CBD-4771-915E-0889C03CE34D}.Release|x86.ActiveCfg = Release|Any CPU
		{F8E7AA24-3CBD-4771-915E-0889C03CE34D}.Release|x86.Build.0 = Release|Any CPU
		{52107170-6C7B-4563-A05C-41FF9428A5BC}.Debug|Any CPU.ActiveCfg = Debug|Any CPU
		{52107170-6C7B-4563-A05C-41FF9428A5BC}.Debug|Any CPU.Build.0 = Debug|Any CPU
		{52107170-6C7B-4563-A05C-41FF9428A5BC}.Debug|x64.ActiveCfg = Debug|Any CPU
		{52107170-6C7B-4563-A05C-41FF9428A5BC}.Debug|x64.Build.0 = Debug|Any CPU
		{52107170-6C7B-4563-A05C-41FF9428A5BC}.Debug|x86.ActiveCfg = Debug|Any CPU
		{52107170-6C7B-4563-A05C-41FF9428A5BC}.Debug|x86.Build.0 = Debug|Any CPU
		{52107170-6C7B-4563-A05C-41FF9428A5BC}.Release|Any CPU.ActiveCfg = Release|Any CPU
		{52107170-6C7B-4563-A05C-41FF9428A5BC}.Release|Any CPU.Build.0 = Release|Any CPU
		{52107170-6C7B-4563-A05C-41FF9428A5BC}.Release|x64.ActiveCfg = Release|Any CPU
		{52107170-6C7B-4563-A05C-41FF9428A5BC}.Release|x64.Build.0 = Release|Any CPU
		{52107170-6C7B-4563-A05C-41FF9428A5BC}.Release|x86.ActiveCfg = Release|Any CPU
		{52107170-6C7B-4563-A05C-41FF9428A5BC}.Release|x86.Build.0 = Release|Any CPU
		{B6E56D05-D25B-46B3-B410-FE4B2947AA1E}.Debug|Any CPU.ActiveCfg = Debug|Any CPU
		{B6E56D05-D25B-46B3-B410-FE4B2947AA1E}.Debug|Any CPU.Build.0 = Debug|Any CPU
		{B6E56D05-D25B-46B3-B410-FE4B2947AA1E}.Debug|x64.ActiveCfg = Debug|Any CPU
		{B6E56D05-D25B-46B3-B410-FE4B2947AA1E}.Debug|x64.Build.0 = Debug|Any CPU
		{B6E56D05-D25B-46B3-B410-FE4B2947AA1E}.Debug|x86.ActiveCfg = Debug|Any CPU
		{B6E56D05-D25B-46B3-B410-FE4B2947AA1E}.Debug|x86.Build.0 = Debug|Any CPU
		{B6E56D05-D25B-46B3-B410-FE4B2947AA1E}.Release|Any CPU.ActiveCfg = Release|Any CPU
		{B6E56D05-D25B-46B3-B410-FE4B2947AA1E}.Release|Any CPU.Build.0 = Release|Any CPU
		{B6E56D05-D25B-46B3-B410-FE4B2947AA1E}.Release|x64.ActiveCfg = Release|Any CPU
		{B6E56D05-D25B-46B3-B410-FE4B2947AA1E}.Release|x64.Build.0 = Release|Any CPU
		{B6E56D05-D25B-46B3-B410-FE4B2947AA1E}.Release|x86.ActiveCfg = Release|Any CPU
		{B6E56D05-D25B-46B3-B410-FE4B2947AA1E}.Release|x86.Build.0 = Release|Any CPU
		{A764CA94-4A3C-450B-B9BE-64DC10C9E6BC}.Debug|Any CPU.ActiveCfg = Debug|Any CPU
		{A764CA94-4A3C-450B-B9BE-64DC10C9E6BC}.Debug|Any CPU.Build.0 = Debug|Any CPU
		{A764CA94-4A3C-450B-B9BE-64DC10C9E6BC}.Debug|x64.ActiveCfg = Debug|Any CPU
		{A764CA94-4A3C-450B-B9BE-64DC10C9E6BC}.Debug|x64.Build.0 = Debug|Any CPU
		{A764CA94-4A3C-450B-B9BE-64DC10C9E6BC}.Debug|x86.ActiveCfg = Debug|Any CPU
		{A764CA94-4A3C-450B-B9BE-64DC10C9E6BC}.Debug|x86.Build.0 = Debug|Any CPU
		{A764CA94-4A3C-450B-B9BE-64DC10C9E6BC}.Release|Any CPU.ActiveCfg = Release|Any CPU
		{A764CA94-4A3C-450B-B9BE-64DC10C9E6BC}.Release|Any CPU.Build.0 = Release|Any CPU
		{A764CA94-4A3C-450B-B9BE-64DC10C9E6BC}.Release|x64.ActiveCfg = Release|Any CPU
		{A764CA94-4A3C-450B-B9BE-64DC10C9E6BC}.Release|x64.Build.0 = Release|Any CPU
		{A764CA94-4A3C-450B-B9BE-64DC10C9E6BC}.Release|x86.ActiveCfg = Release|Any CPU
		{A764CA94-4A3C-450B-B9BE-64DC10C9E6BC}.Release|x86.Build.0 = Release|Any CPU
		{788799F2-D132-4D6F-A62E-13C7F20627F5}.Debug|Any CPU.ActiveCfg = Debug|Any CPU
		{788799F2-D132-4D6F-A62E-13C7F20627F5}.Debug|Any CPU.Build.0 = Debug|Any CPU
		{788799F2-D132-4D6F-A62E-13C7F20627F5}.Debug|x64.ActiveCfg = Debug|Any CPU
		{788799F2-D132-4D6F-A62E-13C7F20627F5}.Debug|x64.Build.0 = Debug|Any CPU
		{788799F2-D132-4D6F-A62E-13C7F20627F5}.Debug|x86.ActiveCfg = Debug|Any CPU
		{788799F2-D132-4D6F-A62E-13C7F20627F5}.Debug|x86.Build.0 = Debug|Any CPU
		{788799F2-D132-4D6F-A62E-13C7F20627F5}.Release|Any CPU.ActiveCfg = Release|Any CPU
		{788799F2-D132-4D6F-A62E-13C7F20627F5}.Release|Any CPU.Build.0 = Release|Any CPU
		{788799F2-D132-4D6F-A62E-13C7F20627F5}.Release|x64.ActiveCfg = Release|Any CPU
		{788799F2-D132-4D6F-A62E-13C7F20627F5}.Release|x64.Build.0 = Release|Any CPU
		{788799F2-D132-4D6F-A62E-13C7F20627F5}.Release|x86.ActiveCfg = Release|Any CPU
		{788799F2-D132-4D6F-A62E-13C7F20627F5}.Release|x86.Build.0 = Release|Any CPU
		{C51BCFD3-AFA6-4274-80F1-F050374BD3C3}.Debug|Any CPU.ActiveCfg = Debug|Any CPU
		{C51BCFD3-AFA6-4274-80F1-F050374BD3C3}.Debug|Any CPU.Build.0 = Debug|Any CPU
		{C51BCFD3-AFA6-4274-80F1-F050374BD3C3}.Debug|x64.ActiveCfg = Debug|Any CPU
		{C51BCFD3-AFA6-4274-80F1-F050374BD3C3}.Debug|x64.Build.0 = Debug|Any CPU
		{C51BCFD3-AFA6-4274-80F1-F050374BD3C3}.Debug|x86.ActiveCfg = Debug|Any CPU
		{C51BCFD3-AFA6-4274-80F1-F050374BD3C3}.Debug|x86.Build.0 = Debug|Any CPU
		{C51BCFD3-AFA6-4274-80F1-F050374BD3C3}.Release|Any CPU.ActiveCfg = Release|Any CPU
		{C51BCFD3-AFA6-4274-80F1-F050374BD3C3}.Release|Any CPU.Build.0 = Release|Any CPU
		{C51BCFD3-AFA6-4274-80F1-F050374BD3C3}.Release|x64.ActiveCfg = Release|Any CPU
		{C51BCFD3-AFA6-4274-80F1-F050374BD3C3}.Release|x64.Build.0 = Release|Any CPU
		{C51BCFD3-AFA6-4274-80F1-F050374BD3C3}.Release|x86.ActiveCfg = Release|Any CPU
		{C51BCFD3-AFA6-4274-80F1-F050374BD3C3}.Release|x86.Build.0 = Release|Any CPU
		{02633837-DE88-4B3B-8632-AAB77581BA87}.Debug|Any CPU.ActiveCfg = Debug|Any CPU
		{02633837-DE88-4B3B-8632-AAB77581BA87}.Debug|Any CPU.Build.0 = Debug|Any CPU
		{02633837-DE88-4B3B-8632-AAB77581BA87}.Debug|x64.ActiveCfg = Debug|Any CPU
		{02633837-DE88-4B3B-8632-AAB77581BA87}.Debug|x64.Build.0 = Debug|Any CPU
		{02633837-DE88-4B3B-8632-AAB77581BA87}.Debug|x86.ActiveCfg = Debug|Any CPU
		{02633837-DE88-4B3B-8632-AAB77581BA87}.Debug|x86.Build.0 = Debug|Any CPU
		{02633837-DE88-4B3B-8632-AAB77581BA87}.Release|Any CPU.ActiveCfg = Release|Any CPU
		{02633837-DE88-4B3B-8632-AAB77581BA87}.Release|Any CPU.Build.0 = Release|Any CPU
		{02633837-DE88-4B3B-8632-AAB77581BA87}.Release|x64.ActiveCfg = Release|Any CPU
		{02633837-DE88-4B3B-8632-AAB77581BA87}.Release|x64.Build.0 = Release|Any CPU
		{02633837-DE88-4B3B-8632-AAB77581BA87}.Release|x86.ActiveCfg = Release|Any CPU
		{02633837-DE88-4B3B-8632-AAB77581BA87}.Release|x86.Build.0 = Release|Any CPU
		{0E8B1216-5AD0-4B0B-8854-21FA9FA2E52E}.Debug|Any CPU.ActiveCfg = Debug|Any CPU
		{0E8B1216-5AD0-4B0B-8854-21FA9FA2E52E}.Debug|Any CPU.Build.0 = Debug|Any CPU
		{0E8B1216-5AD0-4B0B-8854-21FA9FA2E52E}.Debug|x64.ActiveCfg = Debug|Any CPU
		{0E8B1216-5AD0-4B0B-8854-21FA9FA2E52E}.Debug|x64.Build.0 = Debug|Any CPU
		{0E8B1216-5AD0-4B0B-8854-21FA9FA2E52E}.Debug|x86.ActiveCfg = Debug|Any CPU
		{0E8B1216-5AD0-4B0B-8854-21FA9FA2E52E}.Debug|x86.Build.0 = Debug|Any CPU
		{0E8B1216-5AD0-4B0B-8854-21FA9FA2E52E}.Release|Any CPU.ActiveCfg = Release|Any CPU
		{0E8B1216-5AD0-4B0B-8854-21FA9FA2E52E}.Release|Any CPU.Build.0 = Release|Any CPU
		{0E8B1216-5AD0-4B0B-8854-21FA9FA2E52E}.Release|x64.ActiveCfg = Release|Any CPU
		{0E8B1216-5AD0-4B0B-8854-21FA9FA2E52E}.Release|x64.Build.0 = Release|Any CPU
		{0E8B1216-5AD0-4B0B-8854-21FA9FA2E52E}.Release|x86.ActiveCfg = Release|Any CPU
		{0E8B1216-5AD0-4B0B-8854-21FA9FA2E52E}.Release|x86.Build.0 = Release|Any CPU
		{3CAE7E2B-C2E5-458A-A2B8-663B6C2CC1B1}.Debug|Any CPU.ActiveCfg = Debug|Any CPU
		{3CAE7E2B-C2E5-458A-A2B8-663B6C2CC1B1}.Debug|Any CPU.Build.0 = Debug|Any CPU
		{3CAE7E2B-C2E5-458A-A2B8-663B6C2CC1B1}.Debug|x64.ActiveCfg = Debug|Any CPU
		{3CAE7E2B-C2E5-458A-A2B8-663B6C2CC1B1}.Debug|x64.Build.0 = Debug|Any CPU
		{3CAE7E2B-C2E5-458A-A2B8-663B6C2CC1B1}.Debug|x86.ActiveCfg = Debug|Any CPU
		{3CAE7E2B-C2E5-458A-A2B8-663B6C2CC1B1}.Debug|x86.Build.0 = Debug|Any CPU
		{3CAE7E2B-C2E5-458A-A2B8-663B6C2CC1B1}.Release|Any CPU.ActiveCfg = Release|Any CPU
		{3CAE7E2B-C2E5-458A-A2B8-663B6C2CC1B1}.Release|Any CPU.Build.0 = Release|Any CPU
		{3CAE7E2B-C2E5-458A-A2B8-663B6C2CC1B1}.Release|x64.ActiveCfg = Release|Any CPU
		{3CAE7E2B-C2E5-458A-A2B8-663B6C2CC1B1}.Release|x64.Build.0 = Release|Any CPU
		{3CAE7E2B-C2E5-458A-A2B8-663B6C2CC1B1}.Release|x86.ActiveCfg = Release|Any CPU
		{3CAE7E2B-C2E5-458A-A2B8-663B6C2CC1B1}.Release|x86.Build.0 = Release|Any CPU
		{C4C8C24B-6BB9-4BAB-8679-B53FD11E5260}.Debug|Any CPU.ActiveCfg = Debug|Any CPU
		{C4C8C24B-6BB9-4BAB-8679-B53FD11E5260}.Debug|Any CPU.Build.0 = Debug|Any CPU
		{C4C8C24B-6BB9-4BAB-8679-B53FD11E5260}.Debug|x64.ActiveCfg = Debug|Any CPU
		{C4C8C24B-6BB9-4BAB-8679-B53FD11E5260}.Debug|x64.Build.0 = Debug|Any CPU
		{C4C8C24B-6BB9-4BAB-8679-B53FD11E5260}.Debug|x86.ActiveCfg = Debug|Any CPU
		{C4C8C24B-6BB9-4BAB-8679-B53FD11E5260}.Debug|x86.Build.0 = Debug|Any CPU
		{C4C8C24B-6BB9-4BAB-8679-B53FD11E5260}.Release|Any CPU.ActiveCfg = Release|Any CPU
		{C4C8C24B-6BB9-4BAB-8679-B53FD11E5260}.Release|Any CPU.Build.0 = Release|Any CPU
		{C4C8C24B-6BB9-4BAB-8679-B53FD11E5260}.Release|x64.ActiveCfg = Release|Any CPU
		{C4C8C24B-6BB9-4BAB-8679-B53FD11E5260}.Release|x64.Build.0 = Release|Any CPU
		{C4C8C24B-6BB9-4BAB-8679-B53FD11E5260}.Release|x86.ActiveCfg = Release|Any CPU
		{C4C8C24B-6BB9-4BAB-8679-B53FD11E5260}.Release|x86.Build.0 = Release|Any CPU
		{2125503A-2875-498C-B81E-AFC0B647570E}.Debug|Any CPU.ActiveCfg = Debug|Any CPU
		{2125503A-2875-498C-B81E-AFC0B647570E}.Debug|Any CPU.Build.0 = Debug|Any CPU
		{2125503A-2875-498C-B81E-AFC0B647570E}.Debug|x64.ActiveCfg = Debug|Any CPU
		{2125503A-2875-498C-B81E-AFC0B647570E}.Debug|x64.Build.0 = Debug|Any CPU
		{2125503A-2875-498C-B81E-AFC0B647570E}.Debug|x86.ActiveCfg = Debug|Any CPU
		{2125503A-2875-498C-B81E-AFC0B647570E}.Debug|x86.Build.0 = Debug|Any CPU
		{2125503A-2875-498C-B81E-AFC0B647570E}.Release|Any CPU.ActiveCfg = Release|Any CPU
		{2125503A-2875-498C-B81E-AFC0B647570E}.Release|Any CPU.Build.0 = Release|Any CPU
		{2125503A-2875-498C-B81E-AFC0B647570E}.Release|x64.ActiveCfg = Release|Any CPU
		{2125503A-2875-498C-B81E-AFC0B647570E}.Release|x64.Build.0 = Release|Any CPU
		{2125503A-2875-498C-B81E-AFC0B647570E}.Release|x86.ActiveCfg = Release|Any CPU
		{2125503A-2875-498C-B81E-AFC0B647570E}.Release|x86.Build.0 = Release|Any CPU
		{65F17287-541F-48E8-86AA-55C569EE7D89}.Debug|Any CPU.ActiveCfg = Debug|Any CPU
		{65F17287-541F-48E8-86AA-55C569EE7D89}.Debug|Any CPU.Build.0 = Debug|Any CPU
		{65F17287-541F-48E8-86AA-55C569EE7D89}.Debug|x64.ActiveCfg = Debug|Any CPU
		{65F17287-541F-48E8-86AA-55C569EE7D89}.Debug|x64.Build.0 = Debug|Any CPU
		{65F17287-541F-48E8-86AA-55C569EE7D89}.Debug|x86.ActiveCfg = Debug|Any CPU
		{65F17287-541F-48E8-86AA-55C569EE7D89}.Debug|x86.Build.0 = Debug|Any CPU
		{65F17287-541F-48E8-86AA-55C569EE7D89}.Release|Any CPU.ActiveCfg = Release|Any CPU
		{65F17287-541F-48E8-86AA-55C569EE7D89}.Release|Any CPU.Build.0 = Release|Any CPU
		{65F17287-541F-48E8-86AA-55C569EE7D89}.Release|x64.ActiveCfg = Release|Any CPU
		{65F17287-541F-48E8-86AA-55C569EE7D89}.Release|x64.Build.0 = Release|Any CPU
		{65F17287-541F-48E8-86AA-55C569EE7D89}.Release|x86.ActiveCfg = Release|Any CPU
		{65F17287-541F-48E8-86AA-55C569EE7D89}.Release|x86.Build.0 = Release|Any CPU
		{00126BB5-7264-42A0-967C-276F0D243FBA}.Debug|Any CPU.ActiveCfg = Debug|Any CPU
		{00126BB5-7264-42A0-967C-276F0D243FBA}.Debug|Any CPU.Build.0 = Debug|Any CPU
		{00126BB5-7264-42A0-967C-276F0D243FBA}.Debug|x64.ActiveCfg = Debug|Any CPU
		{00126BB5-7264-42A0-967C-276F0D243FBA}.Debug|x64.Build.0 = Debug|Any CPU
		{00126BB5-7264-42A0-967C-276F0D243FBA}.Debug|x86.ActiveCfg = Debug|Any CPU
		{00126BB5-7264-42A0-967C-276F0D243FBA}.Debug|x86.Build.0 = Debug|Any CPU
		{00126BB5-7264-42A0-967C-276F0D243FBA}.Release|Any CPU.ActiveCfg = Release|Any CPU
		{00126BB5-7264-42A0-967C-276F0D243FBA}.Release|Any CPU.Build.0 = Release|Any CPU
		{00126BB5-7264-42A0-967C-276F0D243FBA}.Release|x64.ActiveCfg = Release|Any CPU
		{00126BB5-7264-42A0-967C-276F0D243FBA}.Release|x64.Build.0 = Release|Any CPU
		{00126BB5-7264-42A0-967C-276F0D243FBA}.Release|x86.ActiveCfg = Release|Any CPU
		{00126BB5-7264-42A0-967C-276F0D243FBA}.Release|x86.Build.0 = Release|Any CPU
		{163F3D81-4121-4A4F-9B33-5A57B2B29701}.Debug|Any CPU.ActiveCfg = Debug|Any CPU
		{163F3D81-4121-4A4F-9B33-5A57B2B29701}.Debug|Any CPU.Build.0 = Debug|Any CPU
		{163F3D81-4121-4A4F-9B33-5A57B2B29701}.Debug|x64.ActiveCfg = Debug|Any CPU
		{163F3D81-4121-4A4F-9B33-5A57B2B29701}.Debug|x64.Build.0 = Debug|Any CPU
		{163F3D81-4121-4A4F-9B33-5A57B2B29701}.Debug|x86.ActiveCfg = Debug|Any CPU
		{163F3D81-4121-4A4F-9B33-5A57B2B29701}.Debug|x86.Build.0 = Debug|Any CPU
		{163F3D81-4121-4A4F-9B33-5A57B2B29701}.Release|Any CPU.ActiveCfg = Release|Any CPU
		{163F3D81-4121-4A4F-9B33-5A57B2B29701}.Release|Any CPU.Build.0 = Release|Any CPU
		{163F3D81-4121-4A4F-9B33-5A57B2B29701}.Release|x64.ActiveCfg = Release|Any CPU
		{163F3D81-4121-4A4F-9B33-5A57B2B29701}.Release|x64.Build.0 = Release|Any CPU
		{163F3D81-4121-4A4F-9B33-5A57B2B29701}.Release|x86.ActiveCfg = Release|Any CPU
		{163F3D81-4121-4A4F-9B33-5A57B2B29701}.Release|x86.Build.0 = Release|Any CPU
		{CD4214E4-88FD-47BD-98FB-89ADE46A8B3A}.Debug|Any CPU.ActiveCfg = Debug|Any CPU
		{CD4214E4-88FD-47BD-98FB-89ADE46A8B3A}.Debug|Any CPU.Build.0 = Debug|Any CPU
		{CD4214E4-88FD-47BD-98FB-89ADE46A8B3A}.Debug|x64.ActiveCfg = Debug|Any CPU
		{CD4214E4-88FD-47BD-98FB-89ADE46A8B3A}.Debug|x64.Build.0 = Debug|Any CPU
		{CD4214E4-88FD-47BD-98FB-89ADE46A8B3A}.Debug|x86.ActiveCfg = Debug|Any CPU
		{CD4214E4-88FD-47BD-98FB-89ADE46A8B3A}.Debug|x86.Build.0 = Debug|Any CPU
		{CD4214E4-88FD-47BD-98FB-89ADE46A8B3A}.Release|Any CPU.ActiveCfg = Release|Any CPU
		{CD4214E4-88FD-47BD-98FB-89ADE46A8B3A}.Release|Any CPU.Build.0 = Release|Any CPU
		{CD4214E4-88FD-47BD-98FB-89ADE46A8B3A}.Release|x64.ActiveCfg = Release|Any CPU
		{CD4214E4-88FD-47BD-98FB-89ADE46A8B3A}.Release|x64.Build.0 = Release|Any CPU
		{CD4214E4-88FD-47BD-98FB-89ADE46A8B3A}.Release|x86.ActiveCfg = Release|Any CPU
		{CD4214E4-88FD-47BD-98FB-89ADE46A8B3A}.Release|x86.Build.0 = Release|Any CPU
		{99CF5ED6-ED7A-4844-BCBD-28DF50FB831F}.Debug|Any CPU.ActiveCfg = Debug|Any CPU
		{99CF5ED6-ED7A-4844-BCBD-28DF50FB831F}.Debug|Any CPU.Build.0 = Debug|Any CPU
		{99CF5ED6-ED7A-4844-BCBD-28DF50FB831F}.Debug|x64.ActiveCfg = Debug|Any CPU
		{99CF5ED6-ED7A-4844-BCBD-28DF50FB831F}.Debug|x64.Build.0 = Debug|Any CPU
		{99CF5ED6-ED7A-4844-BCBD-28DF50FB831F}.Debug|x86.ActiveCfg = Debug|Any CPU
		{99CF5ED6-ED7A-4844-BCBD-28DF50FB831F}.Debug|x86.Build.0 = Debug|Any CPU
		{99CF5ED6-ED7A-4844-BCBD-28DF50FB831F}.Release|Any CPU.ActiveCfg = Release|Any CPU
		{99CF5ED6-ED7A-4844-BCBD-28DF50FB831F}.Release|Any CPU.Build.0 = Release|Any CPU
		{99CF5ED6-ED7A-4844-BCBD-28DF50FB831F}.Release|x64.ActiveCfg = Release|Any CPU
		{99CF5ED6-ED7A-4844-BCBD-28DF50FB831F}.Release|x64.Build.0 = Release|Any CPU
		{99CF5ED6-ED7A-4844-BCBD-28DF50FB831F}.Release|x86.ActiveCfg = Release|Any CPU
		{99CF5ED6-ED7A-4844-BCBD-28DF50FB831F}.Release|x86.Build.0 = Release|Any CPU
		{734C9D5C-A241-4013-A2E5-3BE4212CFBA0}.Debug|Any CPU.ActiveCfg = Debug|Any CPU
		{734C9D5C-A241-4013-A2E5-3BE4212CFBA0}.Debug|Any CPU.Build.0 = Debug|Any CPU
		{734C9D5C-A241-4013-A2E5-3BE4212CFBA0}.Debug|x64.ActiveCfg = Debug|Any CPU
		{734C9D5C-A241-4013-A2E5-3BE4212CFBA0}.Debug|x64.Build.0 = Debug|Any CPU
		{734C9D5C-A241-4013-A2E5-3BE4212CFBA0}.Debug|x86.ActiveCfg = Debug|Any CPU
		{734C9D5C-A241-4013-A2E5-3BE4212CFBA0}.Debug|x86.Build.0 = Debug|Any CPU
		{734C9D5C-A241-4013-A2E5-3BE4212CFBA0}.Release|Any CPU.ActiveCfg = Release|Any CPU
		{734C9D5C-A241-4013-A2E5-3BE4212CFBA0}.Release|Any CPU.Build.0 = Release|Any CPU
		{734C9D5C-A241-4013-A2E5-3BE4212CFBA0}.Release|x64.ActiveCfg = Release|Any CPU
		{734C9D5C-A241-4013-A2E5-3BE4212CFBA0}.Release|x64.Build.0 = Release|Any CPU
		{734C9D5C-A241-4013-A2E5-3BE4212CFBA0}.Release|x86.ActiveCfg = Release|Any CPU
		{734C9D5C-A241-4013-A2E5-3BE4212CFBA0}.Release|x86.Build.0 = Release|Any CPU
		{345F08AA-F318-4E42-AA60-3966B86B40FE}.Debug|Any CPU.ActiveCfg = Debug|Any CPU
		{345F08AA-F318-4E42-AA60-3966B86B40FE}.Debug|Any CPU.Build.0 = Debug|Any CPU
		{345F08AA-F318-4E42-AA60-3966B86B40FE}.Debug|x64.ActiveCfg = Debug|Any CPU
		{345F08AA-F318-4E42-AA60-3966B86B40FE}.Debug|x64.Build.0 = Debug|Any CPU
		{345F08AA-F318-4E42-AA60-3966B86B40FE}.Debug|x86.ActiveCfg = Debug|Any CPU
		{345F08AA-F318-4E42-AA60-3966B86B40FE}.Debug|x86.Build.0 = Debug|Any CPU
		{345F08AA-F318-4E42-AA60-3966B86B40FE}.Release|Any CPU.ActiveCfg = Release|Any CPU
		{345F08AA-F318-4E42-AA60-3966B86B40FE}.Release|Any CPU.Build.0 = Release|Any CPU
		{345F08AA-F318-4E42-AA60-3966B86B40FE}.Release|x64.ActiveCfg = Release|Any CPU
		{345F08AA-F318-4E42-AA60-3966B86B40FE}.Release|x64.Build.0 = Release|Any CPU
		{345F08AA-F318-4E42-AA60-3966B86B40FE}.Release|x86.ActiveCfg = Release|Any CPU
		{345F08AA-F318-4E42-AA60-3966B86B40FE}.Release|x86.Build.0 = Release|Any CPU
		{3918D4C8-C818-4F7A-A4E6-02841D1E5128}.Debug|Any CPU.ActiveCfg = Debug|Any CPU
		{3918D4C8-C818-4F7A-A4E6-02841D1E5128}.Debug|Any CPU.Build.0 = Debug|Any CPU
		{3918D4C8-C818-4F7A-A4E6-02841D1E5128}.Debug|x64.ActiveCfg = Debug|Any CPU
		{3918D4C8-C818-4F7A-A4E6-02841D1E5128}.Debug|x64.Build.0 = Debug|Any CPU
		{3918D4C8-C818-4F7A-A4E6-02841D1E5128}.Debug|x86.ActiveCfg = Debug|Any CPU
		{3918D4C8-C818-4F7A-A4E6-02841D1E5128}.Debug|x86.Build.0 = Debug|Any CPU
		{3918D4C8-C818-4F7A-A4E6-02841D1E5128}.Release|Any CPU.ActiveCfg = Release|Any CPU
		{3918D4C8-C818-4F7A-A4E6-02841D1E5128}.Release|Any CPU.Build.0 = Release|Any CPU
		{3918D4C8-C818-4F7A-A4E6-02841D1E5128}.Release|x64.ActiveCfg = Release|Any CPU
		{3918D4C8-C818-4F7A-A4E6-02841D1E5128}.Release|x64.Build.0 = Release|Any CPU
		{3918D4C8-C818-4F7A-A4E6-02841D1E5128}.Release|x86.ActiveCfg = Release|Any CPU
		{3918D4C8-C818-4F7A-A4E6-02841D1E5128}.Release|x86.Build.0 = Release|Any CPU
		{62CAB256-36AC-4DD2-B84D-640F2BC34172}.Debug|Any CPU.ActiveCfg = Debug|Any CPU
		{62CAB256-36AC-4DD2-B84D-640F2BC34172}.Debug|Any CPU.Build.0 = Debug|Any CPU
		{62CAB256-36AC-4DD2-B84D-640F2BC34172}.Debug|x64.ActiveCfg = Debug|Any CPU
		{62CAB256-36AC-4DD2-B84D-640F2BC34172}.Debug|x64.Build.0 = Debug|Any CPU
		{62CAB256-36AC-4DD2-B84D-640F2BC34172}.Debug|x86.ActiveCfg = Debug|Any CPU
		{62CAB256-36AC-4DD2-B84D-640F2BC34172}.Debug|x86.Build.0 = Debug|Any CPU
		{62CAB256-36AC-4DD2-B84D-640F2BC34172}.Release|Any CPU.ActiveCfg = Release|Any CPU
		{62CAB256-36AC-4DD2-B84D-640F2BC34172}.Release|Any CPU.Build.0 = Release|Any CPU
		{62CAB256-36AC-4DD2-B84D-640F2BC34172}.Release|x64.ActiveCfg = Release|Any CPU
		{62CAB256-36AC-4DD2-B84D-640F2BC34172}.Release|x64.Build.0 = Release|Any CPU
		{62CAB256-36AC-4DD2-B84D-640F2BC34172}.Release|x86.ActiveCfg = Release|Any CPU
		{62CAB256-36AC-4DD2-B84D-640F2BC34172}.Release|x86.Build.0 = Release|Any CPU
		{ABB21238-AF63-4003-ABA0-5A66B43D70BC}.Debug|Any CPU.ActiveCfg = Debug|Any CPU
		{ABB21238-AF63-4003-ABA0-5A66B43D70BC}.Debug|Any CPU.Build.0 = Debug|Any CPU
		{ABB21238-AF63-4003-ABA0-5A66B43D70BC}.Debug|x64.ActiveCfg = Debug|Any CPU
		{ABB21238-AF63-4003-ABA0-5A66B43D70BC}.Debug|x64.Build.0 = Debug|Any CPU
		{ABB21238-AF63-4003-ABA0-5A66B43D70BC}.Debug|x86.ActiveCfg = Debug|Any CPU
		{ABB21238-AF63-4003-ABA0-5A66B43D70BC}.Debug|x86.Build.0 = Debug|Any CPU
		{ABB21238-AF63-4003-ABA0-5A66B43D70BC}.Release|Any CPU.ActiveCfg = Release|Any CPU
		{ABB21238-AF63-4003-ABA0-5A66B43D70BC}.Release|Any CPU.Build.0 = Release|Any CPU
		{ABB21238-AF63-4003-ABA0-5A66B43D70BC}.Release|x64.ActiveCfg = Release|Any CPU
		{ABB21238-AF63-4003-ABA0-5A66B43D70BC}.Release|x64.Build.0 = Release|Any CPU
		{ABB21238-AF63-4003-ABA0-5A66B43D70BC}.Release|x86.ActiveCfg = Release|Any CPU
		{ABB21238-AF63-4003-ABA0-5A66B43D70BC}.Release|x86.Build.0 = Release|Any CPU
		{033BB2EB-2B86-4FF0-9ADB-87A81E4BF687}.Debug|Any CPU.ActiveCfg = Debug|Any CPU
		{033BB2EB-2B86-4FF0-9ADB-87A81E4BF687}.Debug|Any CPU.Build.0 = Debug|Any CPU
		{033BB2EB-2B86-4FF0-9ADB-87A81E4BF687}.Debug|x64.ActiveCfg = Debug|Any CPU
		{033BB2EB-2B86-4FF0-9ADB-87A81E4BF687}.Debug|x64.Build.0 = Debug|Any CPU
		{033BB2EB-2B86-4FF0-9ADB-87A81E4BF687}.Debug|x86.ActiveCfg = Debug|Any CPU
		{033BB2EB-2B86-4FF0-9ADB-87A81E4BF687}.Debug|x86.Build.0 = Debug|Any CPU
		{033BB2EB-2B86-4FF0-9ADB-87A81E4BF687}.Release|Any CPU.ActiveCfg = Release|Any CPU
		{033BB2EB-2B86-4FF0-9ADB-87A81E4BF687}.Release|Any CPU.Build.0 = Release|Any CPU
		{033BB2EB-2B86-4FF0-9ADB-87A81E4BF687}.Release|x64.ActiveCfg = Release|Any CPU
		{033BB2EB-2B86-4FF0-9ADB-87A81E4BF687}.Release|x64.Build.0 = Release|Any CPU
		{033BB2EB-2B86-4FF0-9ADB-87A81E4BF687}.Release|x86.ActiveCfg = Release|Any CPU
		{033BB2EB-2B86-4FF0-9ADB-87A81E4BF687}.Release|x86.Build.0 = Release|Any CPU
		{DBBC1CA3-77DD-4D8D-B49A-8DFA17CDA480}.Debug|Any CPU.ActiveCfg = Debug|Any CPU
		{DBBC1CA3-77DD-4D8D-B49A-8DFA17CDA480}.Debug|Any CPU.Build.0 = Debug|Any CPU
		{DBBC1CA3-77DD-4D8D-B49A-8DFA17CDA480}.Debug|x64.ActiveCfg = Debug|Any CPU
		{DBBC1CA3-77DD-4D8D-B49A-8DFA17CDA480}.Debug|x64.Build.0 = Debug|Any CPU
		{DBBC1CA3-77DD-4D8D-B49A-8DFA17CDA480}.Debug|x86.ActiveCfg = Debug|Any CPU
		{DBBC1CA3-77DD-4D8D-B49A-8DFA17CDA480}.Debug|x86.Build.0 = Debug|Any CPU
		{DBBC1CA3-77DD-4D8D-B49A-8DFA17CDA480}.Release|Any CPU.ActiveCfg = Release|Any CPU
		{DBBC1CA3-77DD-4D8D-B49A-8DFA17CDA480}.Release|Any CPU.Build.0 = Release|Any CPU
		{DBBC1CA3-77DD-4D8D-B49A-8DFA17CDA480}.Release|x64.ActiveCfg = Release|Any CPU
		{DBBC1CA3-77DD-4D8D-B49A-8DFA17CDA480}.Release|x64.Build.0 = Release|Any CPU
		{DBBC1CA3-77DD-4D8D-B49A-8DFA17CDA480}.Release|x86.ActiveCfg = Release|Any CPU
		{DBBC1CA3-77DD-4D8D-B49A-8DFA17CDA480}.Release|x86.Build.0 = Release|Any CPU
		{585092CC-4422-44C9-BD23-7664436D9D17}.Debug|Any CPU.ActiveCfg = Debug|Any CPU
		{585092CC-4422-44C9-BD23-7664436D9D17}.Debug|Any CPU.Build.0 = Debug|Any CPU
		{585092CC-4422-44C9-BD23-7664436D9D17}.Debug|x64.ActiveCfg = Debug|Any CPU
		{585092CC-4422-44C9-BD23-7664436D9D17}.Debug|x64.Build.0 = Debug|Any CPU
		{585092CC-4422-44C9-BD23-7664436D9D17}.Debug|x86.ActiveCfg = Debug|Any CPU
		{585092CC-4422-44C9-BD23-7664436D9D17}.Debug|x86.Build.0 = Debug|Any CPU
		{585092CC-4422-44C9-BD23-7664436D9D17}.Release|Any CPU.ActiveCfg = Release|Any CPU
		{585092CC-4422-44C9-BD23-7664436D9D17}.Release|Any CPU.Build.0 = Release|Any CPU
		{585092CC-4422-44C9-BD23-7664436D9D17}.Release|x64.ActiveCfg = Release|Any CPU
		{585092CC-4422-44C9-BD23-7664436D9D17}.Release|x64.Build.0 = Release|Any CPU
		{585092CC-4422-44C9-BD23-7664436D9D17}.Release|x86.ActiveCfg = Release|Any CPU
		{585092CC-4422-44C9-BD23-7664436D9D17}.Release|x86.Build.0 = Release|Any CPU
		{D6A5E9D5-477B-42C3-A269-1DB56240966D}.Debug|Any CPU.ActiveCfg = Debug|Any CPU
		{D6A5E9D5-477B-42C3-A269-1DB56240966D}.Debug|Any CPU.Build.0 = Debug|Any CPU
		{D6A5E9D5-477B-42C3-A269-1DB56240966D}.Debug|x64.ActiveCfg = Debug|Any CPU
		{D6A5E9D5-477B-42C3-A269-1DB56240966D}.Debug|x64.Build.0 = Debug|Any CPU
		{D6A5E9D5-477B-42C3-A269-1DB56240966D}.Debug|x86.ActiveCfg = Debug|Any CPU
		{D6A5E9D5-477B-42C3-A269-1DB56240966D}.Debug|x86.Build.0 = Debug|Any CPU
		{D6A5E9D5-477B-42C3-A269-1DB56240966D}.Release|Any CPU.ActiveCfg = Release|Any CPU
		{D6A5E9D5-477B-42C3-A269-1DB56240966D}.Release|Any CPU.Build.0 = Release|Any CPU
		{D6A5E9D5-477B-42C3-A269-1DB56240966D}.Release|x64.ActiveCfg = Release|Any CPU
		{D6A5E9D5-477B-42C3-A269-1DB56240966D}.Release|x64.Build.0 = Release|Any CPU
		{D6A5E9D5-477B-42C3-A269-1DB56240966D}.Release|x86.ActiveCfg = Release|Any CPU
		{D6A5E9D5-477B-42C3-A269-1DB56240966D}.Release|x86.Build.0 = Release|Any CPU
		{E6066AA2-D327-412C-9E8D-AFA685ADFABB}.Debug|Any CPU.ActiveCfg = Debug|Any CPU
		{E6066AA2-D327-412C-9E8D-AFA685ADFABB}.Debug|Any CPU.Build.0 = Debug|Any CPU
		{E6066AA2-D327-412C-9E8D-AFA685ADFABB}.Debug|x64.ActiveCfg = Debug|Any CPU
		{E6066AA2-D327-412C-9E8D-AFA685ADFABB}.Debug|x64.Build.0 = Debug|Any CPU
		{E6066AA2-D327-412C-9E8D-AFA685ADFABB}.Debug|x86.ActiveCfg = Debug|Any CPU
		{E6066AA2-D327-412C-9E8D-AFA685ADFABB}.Debug|x86.Build.0 = Debug|Any CPU
		{E6066AA2-D327-412C-9E8D-AFA685ADFABB}.Release|Any CPU.ActiveCfg = Release|Any CPU
		{E6066AA2-D327-412C-9E8D-AFA685ADFABB}.Release|Any CPU.Build.0 = Release|Any CPU
		{E6066AA2-D327-412C-9E8D-AFA685ADFABB}.Release|x64.ActiveCfg = Release|Any CPU
		{E6066AA2-D327-412C-9E8D-AFA685ADFABB}.Release|x64.Build.0 = Release|Any CPU
		{E6066AA2-D327-412C-9E8D-AFA685ADFABB}.Release|x86.ActiveCfg = Release|Any CPU
		{E6066AA2-D327-412C-9E8D-AFA685ADFABB}.Release|x86.Build.0 = Release|Any CPU
		{931DC6B8-C60E-4A53-A376-5BE708206A2C}.Debug|Any CPU.ActiveCfg = Debug|Any CPU
		{931DC6B8-C60E-4A53-A376-5BE708206A2C}.Debug|Any CPU.Build.0 = Debug|Any CPU
		{931DC6B8-C60E-4A53-A376-5BE708206A2C}.Debug|x64.ActiveCfg = Debug|Any CPU
		{931DC6B8-C60E-4A53-A376-5BE708206A2C}.Debug|x64.Build.0 = Debug|Any CPU
		{931DC6B8-C60E-4A53-A376-5BE708206A2C}.Debug|x86.ActiveCfg = Debug|Any CPU
		{931DC6B8-C60E-4A53-A376-5BE708206A2C}.Debug|x86.Build.0 = Debug|Any CPU
		{931DC6B8-C60E-4A53-A376-5BE708206A2C}.Release|Any CPU.ActiveCfg = Release|Any CPU
		{931DC6B8-C60E-4A53-A376-5BE708206A2C}.Release|Any CPU.Build.0 = Release|Any CPU
		{931DC6B8-C60E-4A53-A376-5BE708206A2C}.Release|x64.ActiveCfg = Release|Any CPU
		{931DC6B8-C60E-4A53-A376-5BE708206A2C}.Release|x64.Build.0 = Release|Any CPU
		{931DC6B8-C60E-4A53-A376-5BE708206A2C}.Release|x86.ActiveCfg = Release|Any CPU
		{931DC6B8-C60E-4A53-A376-5BE708206A2C}.Release|x86.Build.0 = Release|Any CPU
		{27C37D7C-9ECC-400D-81FC-27EB0F8E8640}.Debug|Any CPU.ActiveCfg = Debug|Any CPU
		{27C37D7C-9ECC-400D-81FC-27EB0F8E8640}.Debug|Any CPU.Build.0 = Debug|Any CPU
		{27C37D7C-9ECC-400D-81FC-27EB0F8E8640}.Debug|x64.ActiveCfg = Debug|Any CPU
		{27C37D7C-9ECC-400D-81FC-27EB0F8E8640}.Debug|x64.Build.0 = Debug|Any CPU
		{27C37D7C-9ECC-400D-81FC-27EB0F8E8640}.Debug|x86.ActiveCfg = Debug|Any CPU
		{27C37D7C-9ECC-400D-81FC-27EB0F8E8640}.Debug|x86.Build.0 = Debug|Any CPU
		{27C37D7C-9ECC-400D-81FC-27EB0F8E8640}.Release|Any CPU.ActiveCfg = Release|Any CPU
		{27C37D7C-9ECC-400D-81FC-27EB0F8E8640}.Release|Any CPU.Build.0 = Release|Any CPU
		{27C37D7C-9ECC-400D-81FC-27EB0F8E8640}.Release|x64.ActiveCfg = Release|Any CPU
		{27C37D7C-9ECC-400D-81FC-27EB0F8E8640}.Release|x64.Build.0 = Release|Any CPU
		{27C37D7C-9ECC-400D-81FC-27EB0F8E8640}.Release|x86.ActiveCfg = Release|Any CPU
		{27C37D7C-9ECC-400D-81FC-27EB0F8E8640}.Release|x86.Build.0 = Release|Any CPU
		{0A1572F3-853B-44AA-90F2-F444C107B1B4}.Debug|Any CPU.ActiveCfg = Debug|Any CPU
		{0A1572F3-853B-44AA-90F2-F444C107B1B4}.Debug|Any CPU.Build.0 = Debug|Any CPU
		{0A1572F3-853B-44AA-90F2-F444C107B1B4}.Debug|x64.ActiveCfg = Debug|Any CPU
		{0A1572F3-853B-44AA-90F2-F444C107B1B4}.Debug|x64.Build.0 = Debug|Any CPU
		{0A1572F3-853B-44AA-90F2-F444C107B1B4}.Debug|x86.ActiveCfg = Debug|Any CPU
		{0A1572F3-853B-44AA-90F2-F444C107B1B4}.Debug|x86.Build.0 = Debug|Any CPU
		{0A1572F3-853B-44AA-90F2-F444C107B1B4}.Release|Any CPU.ActiveCfg = Release|Any CPU
		{0A1572F3-853B-44AA-90F2-F444C107B1B4}.Release|Any CPU.Build.0 = Release|Any CPU
		{0A1572F3-853B-44AA-90F2-F444C107B1B4}.Release|x64.ActiveCfg = Release|Any CPU
		{0A1572F3-853B-44AA-90F2-F444C107B1B4}.Release|x64.Build.0 = Release|Any CPU
		{0A1572F3-853B-44AA-90F2-F444C107B1B4}.Release|x86.ActiveCfg = Release|Any CPU
		{0A1572F3-853B-44AA-90F2-F444C107B1B4}.Release|x86.Build.0 = Release|Any CPU
		{3CE119B2-7638-4A8B-AA0A-5F2A36651D96}.Debug|Any CPU.ActiveCfg = Debug|Any CPU
		{3CE119B2-7638-4A8B-AA0A-5F2A36651D96}.Debug|Any CPU.Build.0 = Debug|Any CPU
		{3CE119B2-7638-4A8B-AA0A-5F2A36651D96}.Debug|x64.ActiveCfg = Debug|Any CPU
		{3CE119B2-7638-4A8B-AA0A-5F2A36651D96}.Debug|x64.Build.0 = Debug|Any CPU
		{3CE119B2-7638-4A8B-AA0A-5F2A36651D96}.Debug|x86.ActiveCfg = Debug|Any CPU
		{3CE119B2-7638-4A8B-AA0A-5F2A36651D96}.Debug|x86.Build.0 = Debug|Any CPU
		{3CE119B2-7638-4A8B-AA0A-5F2A36651D96}.Release|Any CPU.ActiveCfg = Release|Any CPU
		{3CE119B2-7638-4A8B-AA0A-5F2A36651D96}.Release|Any CPU.Build.0 = Release|Any CPU
		{3CE119B2-7638-4A8B-AA0A-5F2A36651D96}.Release|x64.ActiveCfg = Release|Any CPU
		{3CE119B2-7638-4A8B-AA0A-5F2A36651D96}.Release|x64.Build.0 = Release|Any CPU
		{3CE119B2-7638-4A8B-AA0A-5F2A36651D96}.Release|x86.ActiveCfg = Release|Any CPU
		{3CE119B2-7638-4A8B-AA0A-5F2A36651D96}.Release|x86.Build.0 = Release|Any CPU
		{05B2B9AA-E6DA-447F-8D85-B09CB7410A6E}.Debug|Any CPU.ActiveCfg = Debug|Any CPU
		{05B2B9AA-E6DA-447F-8D85-B09CB7410A6E}.Debug|Any CPU.Build.0 = Debug|Any CPU
		{05B2B9AA-E6DA-447F-8D85-B09CB7410A6E}.Debug|x64.ActiveCfg = Debug|Any CPU
		{05B2B9AA-E6DA-447F-8D85-B09CB7410A6E}.Debug|x64.Build.0 = Debug|Any CPU
		{05B2B9AA-E6DA-447F-8D85-B09CB7410A6E}.Debug|x86.ActiveCfg = Debug|Any CPU
		{05B2B9AA-E6DA-447F-8D85-B09CB7410A6E}.Debug|x86.Build.0 = Debug|Any CPU
		{05B2B9AA-E6DA-447F-8D85-B09CB7410A6E}.Release|Any CPU.ActiveCfg = Release|Any CPU
		{05B2B9AA-E6DA-447F-8D85-B09CB7410A6E}.Release|Any CPU.Build.0 = Release|Any CPU
		{05B2B9AA-E6DA-447F-8D85-B09CB7410A6E}.Release|x64.ActiveCfg = Release|Any CPU
		{05B2B9AA-E6DA-447F-8D85-B09CB7410A6E}.Release|x64.Build.0 = Release|Any CPU
		{05B2B9AA-E6DA-447F-8D85-B09CB7410A6E}.Release|x86.ActiveCfg = Release|Any CPU
		{05B2B9AA-E6DA-447F-8D85-B09CB7410A6E}.Release|x86.Build.0 = Release|Any CPU
	EndGlobalSection
	GlobalSection(SolutionProperties) = preSolution
		HideSolutionNode = FALSE
	EndGlobalSection
EndGlobal
